# THIS IS AN AUTOGENERATED FILE. DO NOT EDIT THIS FILE DIRECTLY.
# yarn lockfile v1


"@aws-cdk/assets@1.60.0":
  version "1.60.0"
  resolved "https://registry.yarnpkg.com/@aws-cdk/assets/-/assets-1.60.0.tgz#c9f315f3a7e6657adb2630764a0b6689c6ea8c23"
  integrity sha512-QDs+KZ0a9A4eQiOH894W/nGW3A0vxE63hMcQbWCJx6BGEzF8mRlYhovrEWAc8T1hfO7Ze0ZOvrcznpjnxk650g==
  dependencies:
    "@aws-cdk/core" "1.60.0"
    "@aws-cdk/cx-api" "1.60.0"
    constructs "^3.0.2"

"@aws-cdk/aws-applicationautoscaling@1.60.0":
  version "1.60.0"
  resolved "https://registry.yarnpkg.com/@aws-cdk/aws-applicationautoscaling/-/aws-applicationautoscaling-1.60.0.tgz#a84974de862ea8e6a20fa2fb7b3b462c8066886e"
  integrity sha512-DoTp7oW286zmuEAvvtT/XcPYc8xJe71v7EiSxjH2lbpnnp1ZuGWqqK6ZJHQuAKkfNh0ggni1AkAb/YUo4w4IFQ==
  dependencies:
    "@aws-cdk/aws-autoscaling-common" "1.60.0"
    "@aws-cdk/aws-cloudwatch" "1.60.0"
    "@aws-cdk/aws-iam" "1.60.0"
    "@aws-cdk/core" "1.60.0"
    constructs "^3.0.2"

"@aws-cdk/aws-autoscaling-common@1.60.0":
  version "1.60.0"
  resolved "https://registry.yarnpkg.com/@aws-cdk/aws-autoscaling-common/-/aws-autoscaling-common-1.60.0.tgz#9eb27ffb9b1c311168d66fd0d38d8e10938974fd"
  integrity sha512-vkXIvJ4zmOkd39Trm1C07YdWL+GBRDSeAAqoc4rWbw/yAKEhvpqx/oNW4rRqABA1lC3490R/mSje7Dr8Z8y5Dw==
  dependencies:
    "@aws-cdk/aws-iam" "1.60.0"
    "@aws-cdk/core" "1.60.0"
    constructs "^3.0.2"

"@aws-cdk/aws-certificatemanager@1.60.0":
  version "1.60.0"
  resolved "https://registry.yarnpkg.com/@aws-cdk/aws-certificatemanager/-/aws-certificatemanager-1.60.0.tgz#6b179239578b36e68462f9a8936cd167bf043b96"
  integrity sha512-kz1lbkYmWP/fmpPgYlODMseJUbSLlxtQJPlz5BN4lMkAcMpAsaPSLbU5/pO/XSqhPYl9vZb3NjCbNVdfQQaGhg==
  dependencies:
    "@aws-cdk/aws-iam" "1.60.0"
    "@aws-cdk/aws-lambda" "1.60.0"
    "@aws-cdk/aws-route53" "1.60.0"
    "@aws-cdk/core" "1.60.0"
    constructs "^3.0.2"

"@aws-cdk/aws-cloudformation@1.60.0":
  version "1.60.0"
  resolved "https://registry.yarnpkg.com/@aws-cdk/aws-cloudformation/-/aws-cloudformation-1.60.0.tgz#af74e5ebd710e750011e4926d3edd3463bc8c859"
  integrity sha512-po+pj3LwxDEA5ReYLeNQ0UU4cXLKSguknL5w/9m2n1sip90XoxMI0a84q1NDs1cArEWnhqYY0rkfUydZmbCXqg==
  dependencies:
    "@aws-cdk/aws-iam" "1.60.0"
    "@aws-cdk/aws-lambda" "1.60.0"
    "@aws-cdk/aws-s3" "1.60.0"
    "@aws-cdk/aws-sns" "1.60.0"
    "@aws-cdk/core" "1.60.0"
    "@aws-cdk/cx-api" "1.60.0"
    constructs "^3.0.2"

"@aws-cdk/aws-cloudwatch@1.60.0":
  version "1.60.0"
  resolved "https://registry.yarnpkg.com/@aws-cdk/aws-cloudwatch/-/aws-cloudwatch-1.60.0.tgz#eb833c2e0eb4531070c138bd5ed562f8f105a538"
  integrity sha512-12LK2Q/BR4HMwm2vBQHjQRyZT00FWGu9TO0wutJ78BYooqM4YpSdkRiNv74HRtG6RLPo9QmUFrUE5IFYpN0O2w==
  dependencies:
    "@aws-cdk/aws-iam" "1.60.0"
    "@aws-cdk/core" "1.60.0"
    constructs "^3.0.2"

"@aws-cdk/aws-codeguruprofiler@1.60.0":
  version "1.60.0"
  resolved "https://registry.yarnpkg.com/@aws-cdk/aws-codeguruprofiler/-/aws-codeguruprofiler-1.60.0.tgz#cf78a02c2eaa6dffbb06a7ab8f5519c9da5e0366"
  integrity sha512-COcSgEUiz0wTaL9cCzxMiCIDbtA6AoFZjB2xVJXwm6YvkK4M2cUfiemTtSSsxGChHEkydHYdS0vZYqNesznOhQ==
  dependencies:
    "@aws-cdk/aws-iam" "1.60.0"
    "@aws-cdk/core" "1.60.0"

"@aws-cdk/aws-cognito@^1.55.0":
  version "1.60.0"
  resolved "https://registry.yarnpkg.com/@aws-cdk/aws-cognito/-/aws-cognito-1.60.0.tgz#0ea41f3fbce413874223e90266013ae34dcce667"
  integrity sha512-NFnKnt8NzILvqPH4blOlnZMc3Qn4Gx1REF+Z3SHdoly/GHKRQ553nWGfCdGXhR+N3wgEb+UreaFnb19lZ794KQ==
  dependencies:
    "@aws-cdk/aws-certificatemanager" "1.60.0"
    "@aws-cdk/aws-iam" "1.60.0"
    "@aws-cdk/aws-lambda" "1.60.0"
    "@aws-cdk/core" "1.60.0"
    "@aws-cdk/custom-resources" "1.60.0"
    constructs "^3.0.2"

"@aws-cdk/aws-dynamodb@^1.55.0":
  version "1.60.0"
  resolved "https://registry.yarnpkg.com/@aws-cdk/aws-dynamodb/-/aws-dynamodb-1.60.0.tgz#a7ab4a5482f69c48c2651c2d758711e609ba4cd8"
  integrity sha512-ya3SGRk6gnVtZmReOdsJHJ+KlR1hz8OTIBL2RZ+1NhFqBJhVXYKVllJXc49iP2w6LsQuXcdRxbutrXqTk9uXyg==
  dependencies:
    "@aws-cdk/aws-applicationautoscaling" "1.60.0"
    "@aws-cdk/aws-cloudwatch" "1.60.0"
    "@aws-cdk/aws-iam" "1.60.0"
    "@aws-cdk/aws-kms" "1.60.0"
    "@aws-cdk/aws-lambda" "1.60.0"
    "@aws-cdk/core" "1.60.0"
    "@aws-cdk/custom-resources" "1.60.0"
    constructs "^3.0.2"

"@aws-cdk/aws-ec2@1.60.0":
  version "1.60.0"
  resolved "https://registry.yarnpkg.com/@aws-cdk/aws-ec2/-/aws-ec2-1.60.0.tgz#0dec15b2c81041c3ff7c6bcc102549a3286cfcc2"
  integrity sha512-J1a9ffMLBBmUQcNVXFC14T7PU+n70WxGG3KFbapqretaAhPAtDh3bd/rCaLCmwj216f1t5XpH3fpeS7LGGqKuQ==
  dependencies:
    "@aws-cdk/aws-cloudwatch" "1.60.0"
    "@aws-cdk/aws-iam" "1.60.0"
    "@aws-cdk/aws-kms" "1.60.0"
    "@aws-cdk/aws-logs" "1.60.0"
    "@aws-cdk/aws-s3" "1.60.0"
    "@aws-cdk/aws-s3-assets" "1.60.0"
    "@aws-cdk/aws-ssm" "1.60.0"
    "@aws-cdk/cloud-assembly-schema" "1.60.0"
    "@aws-cdk/core" "1.60.0"
    "@aws-cdk/cx-api" "1.60.0"
    "@aws-cdk/region-info" "1.60.0"
    constructs "^3.0.2"

"@aws-cdk/aws-efs@1.60.0":
  version "1.60.0"
  resolved "https://registry.yarnpkg.com/@aws-cdk/aws-efs/-/aws-efs-1.60.0.tgz#017f710bdabb4bbad3c334a8bf469f48c7db57b1"
  integrity sha512-+WZ51FfJAng3buDMFa5PnGIKPuaSdZ08QAIryZUiDMSo0bKw7fZk40++pk18e7CE1vHnS6NI1nR6wINwXyfNGA==
  dependencies:
    "@aws-cdk/aws-ec2" "1.60.0"
    "@aws-cdk/aws-kms" "1.60.0"
    "@aws-cdk/cloud-assembly-schema" "1.60.0"
    "@aws-cdk/core" "1.60.0"
    "@aws-cdk/cx-api" "1.60.0"
    constructs "^3.0.2"

"@aws-cdk/aws-events@1.60.0":
  version "1.60.0"
  resolved "https://registry.yarnpkg.com/@aws-cdk/aws-events/-/aws-events-1.60.0.tgz#d22d7def2b4994498e84b8efa229397a92862c57"
  integrity sha512-UxXrGvuPv3gvlogg8kHFCyhvZuKLFrgYKoAzQhPZAYIl8ojVQiNn67LLdlnZ5R7Th8h+BJRRRKZmEb/R1fqYjQ==
  dependencies:
    "@aws-cdk/aws-iam" "1.60.0"
    "@aws-cdk/core" "1.60.0"
    constructs "^3.0.2"

"@aws-cdk/aws-iam@1.57.0":
  version "1.57.0"
  resolved "https://registry.yarnpkg.com/@aws-cdk/aws-iam/-/aws-iam-1.57.0.tgz#d6c8e901fa81e3c872d209bd46fd41e3f024d6b2"
  integrity sha512-vOltgt7CDEZ9Zko5tBhxP6bwuOAJA5ev04w1rwAcDD8W4UGHnz+2D1b0eAHfLhsICVagwfNEG+KmDyyKzrzyFw==
  dependencies:
    "@aws-cdk/core" "1.57.0"
    "@aws-cdk/region-info" "1.57.0"
    constructs "^3.0.2"

"@aws-cdk/aws-iam@1.60.0":
  version "1.60.0"
  resolved "https://registry.yarnpkg.com/@aws-cdk/aws-iam/-/aws-iam-1.60.0.tgz#e78a097010be0984e5596094c871f547b3f50b78"
  integrity sha512-p4Jm8Ws7ENuFduypLku/eKViWWBk7EXMXYUizqsI2/qIurwfkPJFrUEOBJiG4etr+5tRweTWM8KdK7jC823Ujw==
  dependencies:
    "@aws-cdk/core" "1.60.0"
    "@aws-cdk/region-info" "1.60.0"
    constructs "^3.0.2"

"@aws-cdk/aws-kms@1.60.0":
  version "1.60.0"
  resolved "https://registry.yarnpkg.com/@aws-cdk/aws-kms/-/aws-kms-1.60.0.tgz#a599e39555346d444ff4dc7c038aab01991fced0"
  integrity sha512-BDkcFMya1XjAvfW8D6wFXtSxHrVC1rYwrj8QcY6wKpx6m/QD7WOUOhtoZCsx/tC8lds+aS04luKJp6hgXfn4eA==
  dependencies:
    "@aws-cdk/aws-iam" "1.60.0"
    "@aws-cdk/core" "1.60.0"
    constructs "^3.0.2"

"@aws-cdk/aws-lambda@1.60.0":
  version "1.60.0"
  resolved "https://registry.yarnpkg.com/@aws-cdk/aws-lambda/-/aws-lambda-1.60.0.tgz#f9015f2c06328ee52634c202a38a945c6e7e4667"
  integrity sha512-xI5kG6zMWyYTMVagEzfqBCNe1DNpKegdjHoWFdnBVnxubI63iOARxTQQLuMRE4bZFR3gDprVgGh9auDO3RZ2jw==
  dependencies:
    "@aws-cdk/aws-applicationautoscaling" "1.60.0"
    "@aws-cdk/aws-cloudwatch" "1.60.0"
    "@aws-cdk/aws-codeguruprofiler" "1.60.0"
    "@aws-cdk/aws-ec2" "1.60.0"
    "@aws-cdk/aws-efs" "1.60.0"
    "@aws-cdk/aws-events" "1.60.0"
    "@aws-cdk/aws-iam" "1.60.0"
    "@aws-cdk/aws-logs" "1.60.0"
    "@aws-cdk/aws-s3" "1.60.0"
    "@aws-cdk/aws-s3-assets" "1.60.0"
    "@aws-cdk/aws-sqs" "1.60.0"
    "@aws-cdk/core" "1.60.0"
    "@aws-cdk/cx-api" "1.60.0"
    constructs "^3.0.2"

"@aws-cdk/aws-logs@1.60.0":
  version "1.60.0"
  resolved "https://registry.yarnpkg.com/@aws-cdk/aws-logs/-/aws-logs-1.60.0.tgz#abc367098f3b8378ce4da89c83be6cd847d5564f"
  integrity sha512-cMtMlq2SLc1vJILrgoUheCotQeHkJPRajz/lP2vvY/vL1Bu5RJsJfNiOO+8ZFN3wNOK+foM1h+LV5dAyl9n7Bw==
  dependencies:
    "@aws-cdk/aws-cloudwatch" "1.60.0"
    "@aws-cdk/aws-iam" "1.60.0"
    "@aws-cdk/core" "1.60.0"
    constructs "^3.0.2"

"@aws-cdk/aws-route53@1.60.0":
  version "1.60.0"
  resolved "https://registry.yarnpkg.com/@aws-cdk/aws-route53/-/aws-route53-1.60.0.tgz#946349cbdd524a306788d2b80eab531e37453b93"
  integrity sha512-WBUOfUAiLQR0N9f2fXBmYjEtHN79mvLqXmN2i0rifxs8hEn4OXWXHYwtOqU1nAziF127D3urYgOPlZZ99PjJ4Q==
  dependencies:
    "@aws-cdk/aws-ec2" "1.60.0"
    "@aws-cdk/aws-logs" "1.60.0"
    "@aws-cdk/cloud-assembly-schema" "1.60.0"
    "@aws-cdk/core" "1.60.0"
    constructs "^3.0.2"

"@aws-cdk/aws-s3-assets@1.60.0":
  version "1.60.0"
  resolved "https://registry.yarnpkg.com/@aws-cdk/aws-s3-assets/-/aws-s3-assets-1.60.0.tgz#6866c182abf7f0d26873b74a680e3355dabc82cf"
  integrity sha512-rBxJqwjWBuhPrV7svY+10qcBS8DJR+IGATbn7viezSlEVTVyPeHCOVJfMvNPhsum9QMZVQE0cbQEGT+Mr8B9Cw==
  dependencies:
    "@aws-cdk/assets" "1.60.0"
    "@aws-cdk/aws-iam" "1.60.0"
    "@aws-cdk/aws-kms" "1.60.0"
    "@aws-cdk/aws-s3" "1.60.0"
    "@aws-cdk/core" "1.60.0"
    "@aws-cdk/cx-api" "1.60.0"
    constructs "^3.0.2"

"@aws-cdk/aws-s3@1.60.0", "@aws-cdk/aws-s3@^1.57.0":
  version "1.60.0"
  resolved "https://registry.yarnpkg.com/@aws-cdk/aws-s3/-/aws-s3-1.60.0.tgz#ed12ace237a2cb8c81239d53f5fb4785076203a4"
  integrity sha512-Kl+Lfe+5+5m+PHoE06xNs9rAF0Cy8i4ZI9NBfxnKxLb+5MEiVIwHWK91k8ofsTH7T/s/1Pmrw7TwwipCKhCAvA==
  dependencies:
    "@aws-cdk/aws-events" "1.60.0"
    "@aws-cdk/aws-iam" "1.60.0"
    "@aws-cdk/aws-kms" "1.60.0"
    "@aws-cdk/core" "1.60.0"
    constructs "^3.0.2"

"@aws-cdk/aws-sns@1.60.0":
  version "1.60.0"
  resolved "https://registry.yarnpkg.com/@aws-cdk/aws-sns/-/aws-sns-1.60.0.tgz#5e98af08a7123c8d5a02ed9ce661352b196e9085"
  integrity sha512-N37Fo8WQTkv9JAmiZeI5gPSuaL1nftNRXOjX6i+WRgx/wpWdnAzdMcRnGy/ValzgVyfk8lF3UkgZWORGHhlHsA==
  dependencies:
    "@aws-cdk/aws-cloudwatch" "1.60.0"
    "@aws-cdk/aws-events" "1.60.0"
    "@aws-cdk/aws-iam" "1.60.0"
    "@aws-cdk/aws-kms" "1.60.0"
    "@aws-cdk/aws-sqs" "1.60.0"
    "@aws-cdk/core" "1.60.0"
    constructs "^3.0.2"

"@aws-cdk/aws-sqs@1.60.0":
  version "1.60.0"
  resolved "https://registry.yarnpkg.com/@aws-cdk/aws-sqs/-/aws-sqs-1.60.0.tgz#95d66315febdd313ca1fa6832bac04770e27a765"
  integrity sha512-g9FpZ6xrxvSqhvd+QS283XrJwFdDnJMf20Z7Iyx24HTdkTK25sjbAZ5xgjZl57VlDtl1E+ITzbuAvv6jGQTAHQ==
  dependencies:
    "@aws-cdk/aws-cloudwatch" "1.60.0"
    "@aws-cdk/aws-iam" "1.60.0"
    "@aws-cdk/aws-kms" "1.60.0"
    "@aws-cdk/core" "1.60.0"
    constructs "^3.0.2"

"@aws-cdk/aws-ssm@1.60.0":
  version "1.60.0"
  resolved "https://registry.yarnpkg.com/@aws-cdk/aws-ssm/-/aws-ssm-1.60.0.tgz#90351b23c168099c60f7719531f79eb17c27bb5d"
  integrity sha512-AbsyfASy8voakl1nBiJxmSPoTmOKsvWs7NuYb2P4/EzHs/Qo355zFkhPJf8AdSETYXlrISBUsptIVyBWeCxICw==
  dependencies:
    "@aws-cdk/aws-iam" "1.60.0"
    "@aws-cdk/aws-kms" "1.60.0"
    "@aws-cdk/cloud-assembly-schema" "1.60.0"
    "@aws-cdk/core" "1.60.0"
    constructs "^3.0.2"

"@aws-cdk/cloud-assembly-schema@1.55.0":
  version "1.55.0"
  resolved "https://registry.yarnpkg.com/@aws-cdk/cloud-assembly-schema/-/cloud-assembly-schema-1.55.0.tgz#75884413f1400a3c117204a9b04ecbaa2bd4c637"
  integrity sha512-C4nBSUWAfKK7C43FN4a4F4cTygMJqmfFPGgV8CSmCjisp3MWTbFrr1vQ04rTmLn1c/87x/iHnIh31dulg7ueig==
  dependencies:
    jsonschema "^1.2.5"
    semver "^7.2.2"

"@aws-cdk/cloud-assembly-schema@1.56.0":
  version "1.56.0"
  resolved "https://registry.yarnpkg.com/@aws-cdk/cloud-assembly-schema/-/cloud-assembly-schema-1.56.0.tgz#b2b3cb687ead39ab8cecfaac6a4bee14666d6abc"
  integrity sha512-QLuUOoEzrTyiBbPue1QzMmMLjh6FjuD6dIPJ1O81jPpBuIYiAN7MXzXQ9+4gqM0UrnMpSzB8DW2joENDPtJgFg==
  dependencies:
    jsonschema "^1.2.5"
    semver "^7.2.2"

"@aws-cdk/cloud-assembly-schema@1.57.0":
  version "1.57.0"
  resolved "https://registry.yarnpkg.com/@aws-cdk/cloud-assembly-schema/-/cloud-assembly-schema-1.57.0.tgz#bf9c63cf3ca8cbf0f37886b43b12f5fab5c7c989"
  integrity sha512-IJyV3pgMvpbaIVYpUkBGsxIWh+VK7TxuTbEyHfBra5+VgXLoFdSG2UO80b4v6ou+occRqUGbqAnc/VfYr1uuvw==
  dependencies:
    jsonschema "^1.2.5"
    semver "^7.2.2"

"@aws-cdk/cloud-assembly-schema@1.60.0":
  version "1.60.0"
  resolved "https://registry.yarnpkg.com/@aws-cdk/cloud-assembly-schema/-/cloud-assembly-schema-1.60.0.tgz#11eb4bb3b243aa8771f5cee9bda188112e696a50"
  integrity sha512-FI0YB6h+SjxChfjnEpQfOYez1B01STDGhn4FQkZ0lbZuAkfW3DUbZYHzR8bTwKo/wgGt/vJ+MYrqxdMyLn62og==
  dependencies:
    jsonschema "^1.2.5"
    semver "^7.2.2"

"@aws-cdk/core@1.55.0":
  version "1.55.0"
  resolved "https://registry.yarnpkg.com/@aws-cdk/core/-/core-1.55.0.tgz#de1b5be019c5bbd9bf9d3b60c0b5e66b92af197d"
  integrity sha512-+lwV7E0ba7ePH6NF8fOtc8/w31dYgBqt9BWRQkCk13/5K8eW0cSli7INeeiyIBnNgG5DIux8dxIV4ofqgmQl1g==
  dependencies:
    "@aws-cdk/cloud-assembly-schema" "1.55.0"
    "@aws-cdk/cx-api" "1.55.0"
    constructs "^3.0.2"
    fs-extra "^9.0.1"
    minimatch "^3.0.4"

"@aws-cdk/core@1.56.0":
  version "1.56.0"
  resolved "https://registry.yarnpkg.com/@aws-cdk/core/-/core-1.56.0.tgz#499bf691a9937f5f5dfb2b83330fc3f9d9294662"
  integrity sha512-MeImBUTbU8ipZAC6gYQHfJRXH+63XD1VBv9g1AO5GpERKHOZ58qiBroQOkVWD5/u+iasXJ7JSC9JKUBC/+2PlQ==
  dependencies:
    "@aws-cdk/cloud-assembly-schema" "1.56.0"
    "@aws-cdk/cx-api" "1.56.0"
    constructs "^3.0.2"
    fs-extra "^9.0.1"
    minimatch "^3.0.4"

"@aws-cdk/core@1.57.0":
  version "1.57.0"
  resolved "https://registry.yarnpkg.com/@aws-cdk/core/-/core-1.57.0.tgz#44e19a18f05d0b0742e5d406474000ef2f6f5db9"
  integrity sha512-NOE9u2tVwEF+EN5CYaoC34csBgKLA9rjCWCB6R64RPQ2MlhBFCvQxdG2ZO26nOOvH+yv/3zlylM7F546mfQMHg==
  dependencies:
    "@aws-cdk/cloud-assembly-schema" "1.57.0"
    "@aws-cdk/cx-api" "1.57.0"
    constructs "^3.0.2"
    fs-extra "^9.0.1"
    minimatch "^3.0.4"

"@aws-cdk/core@1.60.0":
  version "1.60.0"
  resolved "https://registry.yarnpkg.com/@aws-cdk/core/-/core-1.60.0.tgz#d4c8a109bb52d9bd9ed3500a27cd2cc7a9217656"
  integrity sha512-h6P5z6E/8ttINA9IqrFxXamHZraPj1NlCE83I5QHaWPACaVe+EJbvjU3dITDyK/+fGjmQ/1m4rFaNMyBd43mVg==
  dependencies:
    "@aws-cdk/cloud-assembly-schema" "1.60.0"
    "@aws-cdk/cx-api" "1.60.0"
    constructs "^3.0.2"
    fs-extra "^9.0.1"
    minimatch "^3.0.4"

"@aws-cdk/custom-resources@1.60.0":
  version "1.60.0"
  resolved "https://registry.yarnpkg.com/@aws-cdk/custom-resources/-/custom-resources-1.60.0.tgz#295828b349e8402a6d7e36a9dd73f3cef990552d"
  integrity sha512-qt2w7cOuADrkt8echZlNWVjvERcYW2862QoTvbUnTgllAuXDvYBavlYd53uoUrm20SCw+qFlK8CBMaf9Jn4IHA==
  dependencies:
    "@aws-cdk/aws-cloudformation" "1.60.0"
    "@aws-cdk/aws-iam" "1.60.0"
    "@aws-cdk/aws-lambda" "1.60.0"
    "@aws-cdk/aws-logs" "1.60.0"
    "@aws-cdk/aws-sns" "1.60.0"
    "@aws-cdk/core" "1.60.0"
    constructs "^3.0.2"

"@aws-cdk/cx-api@1.55.0":
  version "1.55.0"
  resolved "https://registry.yarnpkg.com/@aws-cdk/cx-api/-/cx-api-1.55.0.tgz#bff3cc9cc861c17064a898291b521f1231245d44"
  integrity sha512-dAfuDwUcCFOh6lWRwH8kjP8zcWiQtGnSvXsFqoOuiwYvmybNavSGXPP68e9ExTzX8IfbAACpGgkzh4AFtKLARQ==
  dependencies:
    "@aws-cdk/cloud-assembly-schema" "1.55.0"
    semver "^7.2.2"

"@aws-cdk/cx-api@1.56.0":
  version "1.56.0"
  resolved "https://registry.yarnpkg.com/@aws-cdk/cx-api/-/cx-api-1.56.0.tgz#36bf05de73d26ecc69054855f238beaf0bf2a482"
  integrity sha512-IuBmbz025AnuYAKv+ZOvnRV7Wwa/wdCiqiJ3BlVEqPsdvE4ZUMJTqLTY25ho5VT07o8Z/iQg7M6dRs9ccVC9Dw==
  dependencies:
    "@aws-cdk/cloud-assembly-schema" "1.56.0"
    semver "^7.2.2"

"@aws-cdk/cx-api@1.57.0":
  version "1.57.0"
  resolved "https://registry.yarnpkg.com/@aws-cdk/cx-api/-/cx-api-1.57.0.tgz#e6ad6936e1781b821317be60978fb20111cb4d16"
  integrity sha512-h2qTTofE8cE1rSZB9ny+7AjjmxEdKoxhq+GsQebQ5NZkrN/Rbc+DL77S/GG53koPG4u/ZoA4UcdLz/JqiGgdPA==
  dependencies:
    "@aws-cdk/cloud-assembly-schema" "1.57.0"
    semver "^7.2.2"

"@aws-cdk/cx-api@1.60.0":
  version "1.60.0"
  resolved "https://registry.yarnpkg.com/@aws-cdk/cx-api/-/cx-api-1.60.0.tgz#e9fbbeae6743eaa9f197c98d362802328943cfea"
  integrity sha512-Lx1KOB4HowdlPiftkplgaCZWYPeOEeqZgCNxeo1lRa3ypDYkrpcwVsLgLIsWhph0Lb7qtmrMmubiwaE1VTiLwQ==
  dependencies:
    "@aws-cdk/cloud-assembly-schema" "1.60.0"
    semver "^7.2.2"

"@aws-cdk/region-info@1.57.0":
  version "1.57.0"
  resolved "https://registry.yarnpkg.com/@aws-cdk/region-info/-/region-info-1.57.0.tgz#ae45fcf82fe7c66348c8b7ecfbb738dfb08bde9d"
  integrity sha512-U2V2f/PdD2VDGVwGGShb+7dqhmEEmShlOOdvDQvTmAg2SW6HwOt/rsz+va6EzvWV7fmxtFEfMiJVpnheZ1Vwyg==

"@aws-cdk/region-info@1.60.0":
  version "1.60.0"
  resolved "https://registry.yarnpkg.com/@aws-cdk/region-info/-/region-info-1.60.0.tgz#e5f337abcad54b3fbdddfed97233bee72f2e83c3"
  integrity sha512-rz2HUVTM42wVXbx+T2nwT8WKSY9BFB+ThhdGAT81l1dsi/Vtne1Ql5AlnBRCWW4TXR6Nvt3DjGEsG4o6DZmsdw==

"@serverless-stack/resources@../../../resources":
  version "0.0.17"
  dependencies:
    "@aws-cdk/core" "1.55.0"

at-least-node@^1.0.0:
  version "1.0.0"
  resolved "https://registry.yarnpkg.com/at-least-node/-/at-least-node-1.0.0.tgz#602cd4b46e844ad4effc92a8011a3c46e0238dc2"
  integrity sha512-+q/t7Ekv1EDY2l6Gda6LLiX14rU9TV20Wa3ofeQmwPFZbOMo9DXrLbOjFaaclkXKWidIaopwAObQDqwWtGUjqg==

balanced-match@^1.0.0:
  version "1.0.0"
  resolved "https://registry.yarnpkg.com/balanced-match/-/balanced-match-1.0.0.tgz#89b4d199ab2bee49de164ea02b89ce462d71b767"
  integrity sha1-ibTRmasr7kneFk6gK4nORi1xt2c=

brace-expansion@^1.1.7:
  version "1.1.11"
  resolved "https://registry.yarnpkg.com/brace-expansion/-/brace-expansion-1.1.11.tgz#3c7fcbf529d87226f3d2f52b966ff5271eb441dd"
  integrity sha512-iCuPHDFgrHX7H2vEI/5xpz07zSHB00TpugqhmYtVmMO6518mCuRMoOYFldEBl0g187ufozdaHgWKcYFb61qGiA==
  dependencies:
    balanced-match "^1.0.0"
    concat-map "0.0.1"

concat-map@0.0.1:
  version "0.0.1"
  resolved "https://registry.yarnpkg.com/concat-map/-/concat-map-0.0.1.tgz#d8a96bd77fd68df7793a73036a3ba0d5405d477b"
  integrity sha1-2Klr13/Wjfd5OnMDajug1UBdR3s=

constructs@^3.0.2:
  version "3.0.4"
  resolved "https://registry.yarnpkg.com/constructs/-/constructs-3.0.4.tgz#eb1ed5b80f6600b8d50de83971357ae0fe8e29a2"
  integrity sha512-CDvg7gMjphE3DFX4pzkF6j73NREbR8npPFW8Mx/CLRnMR035+Y1o1HrXIsNSss/dq3ZUnNTU9jKyd3fL9EOlfw==

fs-extra@^9.0.1:
  version "9.0.1"
  resolved "https://registry.yarnpkg.com/fs-extra/-/fs-extra-9.0.1.tgz#910da0062437ba4c39fedd863f1675ccfefcb9fc"
  integrity sha512-h2iAoN838FqAFJY2/qVpzFXy+EBxfVE220PalAqQLDVsFOHLJrZvut5puAbCdNv6WJk+B8ihI+k0c7JK5erwqQ==
  dependencies:
    at-least-node "^1.0.0"
    graceful-fs "^4.2.0"
    jsonfile "^6.0.1"
    universalify "^1.0.0"

graceful-fs@^4.1.6, graceful-fs@^4.2.0:
  version "4.2.4"
  resolved "https://registry.yarnpkg.com/graceful-fs/-/graceful-fs-4.2.4.tgz#2256bde14d3632958c465ebc96dc467ca07a29fb"
  integrity sha512-WjKPNJF79dtJAVniUlGGWHYGz2jWxT6VhN/4m1NdkbZ2nOsEF+cI1Edgql5zCRhs/VsQYRvrXctxktVXZUkixw==

jsonfile@^6.0.1:
  version "6.0.1"
  resolved "https://registry.yarnpkg.com/jsonfile/-/jsonfile-6.0.1.tgz#98966cba214378c8c84b82e085907b40bf614179"
  integrity sha512-jR2b5v7d2vIOust+w3wtFKZIfpC2pnRmFAhAC/BuweZFQR8qZzxH1OyrQ10HmdVYiXWkYUqPVsz91cG7EL2FBg==
  dependencies:
    universalify "^1.0.0"
  optionalDependencies:
    graceful-fs "^4.1.6"

jsonschema@^1.2.5:
  version "1.2.6"
  resolved "https://registry.yarnpkg.com/jsonschema/-/jsonschema-1.2.6.tgz#52b0a8e9dc06bbae7295249d03e4b9faee8a0c0b"
  integrity sha512-SqhURKZG07JyKKeo/ir24QnS4/BV7a6gQy93bUSe4lUdNp0QNpIz2c9elWJQ9dpc5cQYY6cvCzgRwy0MQCLyqA==

minimatch@^3.0.4:
  version "3.0.4"
  resolved "https://registry.yarnpkg.com/minimatch/-/minimatch-3.0.4.tgz#5166e286457f03306064be5497e8dbb0c3d32083"
  integrity sha512-yJHVQEhyqPLUTgt9B83PXu6W3rx4MvvHvSUvToogpwoGDOUQ+yDrR0HRot+yOCdCO7u4hX3pWft6kWBBcqh0UA==
  dependencies:
    brace-expansion "^1.1.7"

semver@^7.2.2:
  version "7.3.2"
  resolved "https://registry.yarnpkg.com/semver/-/semver-7.3.2.tgz#604962b052b81ed0786aae84389ffba70ffd3938"
  integrity sha512-OrOb32TeeambH6UrhtShmF7CRDqhL6/5XpPNp2DuRH6+9QLw/orhp72j87v8Qa1ScDkvrrBNpZcDejAirJmfXQ==

universalify@^1.0.0:
  version "1.0.0"
  resolved "https://registry.yarnpkg.com/universalify/-/universalify-1.0.0.tgz#b61a1da173e8435b2fe3c67d29b9adf8594bd16d"
  integrity sha512-rb6X1W158d7pRQBg5gkR8uPaSfiids68LTJQYOtEUhoJUWBdaQHsuT/EUduxXYxcrt4r5PJ4fuHW1MHT6p0qug==
