# THIS IS AN AUTOGENERATED FILE. DO NOT EDIT THIS FILE DIRECTLY.
# yarn lockfile v1


"@types/aws-lambda@^8.10.70":
  version "8.10.97"
  resolved "https://registry.yarnpkg.com/@types/aws-lambda/-/aws-lambda-8.10.97.tgz#9b2f2adfa63a215173a9da37604e4f65dd56cb98"
  integrity sha512-BZk3qO4R2KN8Ts3eR6CW1n8LI46UOgv1KoDZjo8J9vOQvDeX/rsrv1H0BpEAMcSqZ1mLwTEyAMtlua5tlSn0kw==
