lockfileVersion: '6.0'

settings:
  autoInstallPeers: true
  excludeLinksFromLockfile: false

devDependencies:
  sst:
    specifier: 3.0.1-37
    version: 3.0.1-37

packages:

  /@aws-crypto/crc32@3.0.0:
    resolution: {integrity: sha512-IzSgsrxUcsrejQbPVilIKy16kAT52EwB6zSaI+M3xxIhKh5+aldEyvI+z6erM7TCLB2BJsFrtHjp6/4/sr+3dA==}
    dependencies:
      '@aws-crypto/util': 3.0.0
      '@aws-sdk/types': 3.468.0
      tslib: 1.14.1
    dev: true

  /@aws-crypto/ie11-detection@3.0.0:
    resolution: {integrity: sha512-341lBBkiY1DfDNKai/wXM3aujNBkXR7tq1URPQDL9wi3AUbI80NR74uF1TXHMm7po1AcnFk8iu2S2IeU/+/A+Q==}
    dependencies:
      tslib: 1.14.1
    dev: true

  /@aws-crypto/sha256-browser@3.0.0:
    resolution: {integrity: sha512-8VLmW2B+gjFbU5uMeqtQM6Nj0/F1bro80xQXCW6CQBWgosFWXTx77aeOF5CAIAmbOK64SdMBJdNr6J41yP5mvQ==}
    dependencies:
      '@aws-crypto/ie11-detection': 3.0.0
      '@aws-crypto/sha256-js': 3.0.0
      '@aws-crypto/supports-web-crypto': 3.0.0
      '@aws-crypto/util': 3.0.0
      '@aws-sdk/types': 3.468.0
      '@aws-sdk/util-locate-window': 3.495.0
      '@aws-sdk/util-utf8-browser': 3.259.0
      tslib: 1.14.1
    dev: true

  /@aws-crypto/sha256-js@3.0.0:
    resolution: {integrity: sha512-PnNN7os0+yd1XvXAy23CFOmTbMaDxgxXtTKHybrJ39Y8kGzBATgBFibWJKH6BhytLI/Zyszs87xCOBNyBig6vQ==}
    dependencies:
      '@aws-crypto/util': 3.0.0
      '@aws-sdk/types': 3.468.0
      tslib: 1.14.1
    dev: true

  /@aws-crypto/supports-web-crypto@3.0.0:
    resolution: {integrity: sha512-06hBdMwUAb2WFTuGG73LSC0wfPu93xWwo5vL2et9eymgmu3Id5vFAHBbajVWiGhPO37qcsdCap/FqXvJGJWPIg==}
    dependencies:
      tslib: 1.14.1
    dev: true

  /@aws-crypto/util@3.0.0:
    resolution: {integrity: sha512-2OJlpeJpCR48CC8r+uKVChzs9Iungj9wkZrl8Z041DWEWvyIHILYKCPNzJghKsivj+S3mLo6BVc7mBNzdxA46w==}
    dependencies:
      '@aws-sdk/types': 3.468.0
      '@aws-sdk/util-utf8-browser': 3.259.0
      tslib: 1.14.1
    dev: true

  /@aws-sdk/client-lambda@3.478.0:
    resolution: {integrity: sha512-7+PEE1aV3qVeuswL6cUBfHeljxC/WaXFj+214/W3q71uRdLbX5Z7ZOD15sJbjSu+4VZN9ugMaxEcp+oLiqWl+A==}
    engines: {node: '>=14.0.0'}
    dependencies:
      '@aws-crypto/sha256-browser': 3.0.0
      '@aws-crypto/sha256-js': 3.0.0
      '@aws-sdk/client-sts': 3.478.0
      '@aws-sdk/core': 3.477.0
      '@aws-sdk/credential-provider-node': 3.478.0
      '@aws-sdk/middleware-host-header': 3.468.0
      '@aws-sdk/middleware-logger': 3.468.0
      '@aws-sdk/middleware-recursion-detection': 3.468.0
      '@aws-sdk/middleware-signing': 3.468.0
      '@aws-sdk/middleware-user-agent': 3.478.0
      '@aws-sdk/region-config-resolver': 3.470.0
      '@aws-sdk/types': 3.468.0
      '@aws-sdk/util-endpoints': 3.478.0
      '@aws-sdk/util-user-agent-browser': 3.468.0
      '@aws-sdk/util-user-agent-node': 3.470.0
      '@smithy/config-resolver': 2.1.4
      '@smithy/core': 1.3.5
      '@smithy/eventstream-serde-browser': 2.1.3
      '@smithy/eventstream-serde-config-resolver': 2.1.3
      '@smithy/eventstream-serde-node': 2.1.3
      '@smithy/fetch-http-handler': 2.4.3
      '@smithy/hash-node': 2.1.3
      '@smithy/invalid-dependency': 2.1.3
      '@smithy/middleware-content-length': 2.1.3
      '@smithy/middleware-endpoint': 2.4.4
      '@smithy/middleware-retry': 2.1.4
      '@smithy/middleware-serde': 2.1.3
      '@smithy/middleware-stack': 2.1.3
      '@smithy/node-config-provider': 2.2.4
      '@smithy/node-http-handler': 2.4.1
      '@smithy/protocol-http': 3.2.1
      '@smithy/smithy-client': 2.4.2
      '@smithy/types': 2.10.1
      '@smithy/url-parser': 2.1.3
      '@smithy/util-base64': 2.1.1
      '@smithy/util-body-length-browser': 2.1.1
      '@smithy/util-body-length-node': 2.2.1
      '@smithy/util-defaults-mode-browser': 2.1.4
      '@smithy/util-defaults-mode-node': 2.2.3
      '@smithy/util-endpoints': 1.1.4
      '@smithy/util-retry': 2.1.3
      '@smithy/util-stream': 2.1.3
      '@smithy/util-utf8': 2.1.1
      '@smithy/util-waiter': 2.1.3
      tslib: 2.6.2
    transitivePeerDependencies:
      - aws-crt
    dev: true

  /@aws-sdk/client-sso@3.478.0:
    resolution: {integrity: sha512-Jxy9cE1JMkPR0PklCpq3cORHnZq/Z4klhSTNGgZNeBWovMa+plor52kyh8iUNHKl3XEJvTbHM7V+dvrr/x0P1g==}
    engines: {node: '>=14.0.0'}
    dependencies:
      '@aws-crypto/sha256-browser': 3.0.0
      '@aws-crypto/sha256-js': 3.0.0
      '@aws-sdk/core': 3.477.0
      '@aws-sdk/middleware-host-header': 3.468.0
      '@aws-sdk/middleware-logger': 3.468.0
      '@aws-sdk/middleware-recursion-detection': 3.468.0
      '@aws-sdk/middleware-user-agent': 3.478.0
      '@aws-sdk/region-config-resolver': 3.470.0
      '@aws-sdk/types': 3.468.0
      '@aws-sdk/util-endpoints': 3.478.0
      '@aws-sdk/util-user-agent-browser': 3.468.0
      '@aws-sdk/util-user-agent-node': 3.470.0
      '@smithy/config-resolver': 2.1.4
      '@smithy/core': 1.3.5
      '@smithy/fetch-http-handler': 2.4.3
      '@smithy/hash-node': 2.1.3
      '@smithy/invalid-dependency': 2.1.3
      '@smithy/middleware-content-length': 2.1.3
      '@smithy/middleware-endpoint': 2.4.4
      '@smithy/middleware-retry': 2.1.4
      '@smithy/middleware-serde': 2.1.3
      '@smithy/middleware-stack': 2.1.3
      '@smithy/node-config-provider': 2.2.4
      '@smithy/node-http-handler': 2.4.1
      '@smithy/protocol-http': 3.2.1
      '@smithy/smithy-client': 2.4.2
      '@smithy/types': 2.10.1
      '@smithy/url-parser': 2.1.3
      '@smithy/util-base64': 2.1.1
      '@smithy/util-body-length-browser': 2.1.1
      '@smithy/util-body-length-node': 2.2.1
      '@smithy/util-defaults-mode-browser': 2.1.4
      '@smithy/util-defaults-mode-node': 2.2.3
      '@smithy/util-endpoints': 1.1.4
      '@smithy/util-retry': 2.1.3
      '@smithy/util-utf8': 2.1.1
      tslib: 2.6.2
    transitivePeerDependencies:
      - aws-crt
    dev: true

  /@aws-sdk/client-sts@3.478.0:
    resolution: {integrity: sha512-D+QID0dYzmn9dcxgKP3/nMndUqiQbDLsqI0Zf2pG4MW5gPhVNKlDGIV3Ztz8SkMjzGJExNOLW2L569o8jshJVw==}
    engines: {node: '>=14.0.0'}
    dependencies:
      '@aws-crypto/sha256-browser': 3.0.0
      '@aws-crypto/sha256-js': 3.0.0
      '@aws-sdk/core': 3.477.0
      '@aws-sdk/credential-provider-node': 3.478.0
      '@aws-sdk/middleware-host-header': 3.468.0
      '@aws-sdk/middleware-logger': 3.468.0
      '@aws-sdk/middleware-recursion-detection': 3.468.0
      '@aws-sdk/middleware-user-agent': 3.478.0
      '@aws-sdk/region-config-resolver': 3.470.0
      '@aws-sdk/types': 3.468.0
      '@aws-sdk/util-endpoints': 3.478.0
      '@aws-sdk/util-user-agent-browser': 3.468.0
      '@aws-sdk/util-user-agent-node': 3.470.0
      '@smithy/config-resolver': 2.1.4
      '@smithy/core': 1.3.5
      '@smithy/fetch-http-handler': 2.4.3
      '@smithy/hash-node': 2.1.3
      '@smithy/invalid-dependency': 2.1.3
      '@smithy/middleware-content-length': 2.1.3
      '@smithy/middleware-endpoint': 2.4.4
      '@smithy/middleware-retry': 2.1.4
      '@smithy/middleware-serde': 2.1.3
      '@smithy/middleware-stack': 2.1.3
      '@smithy/node-config-provider': 2.2.4
      '@smithy/node-http-handler': 2.4.1
      '@smithy/protocol-http': 3.2.1
      '@smithy/smithy-client': 2.4.2
      '@smithy/types': 2.10.1
      '@smithy/url-parser': 2.1.3
      '@smithy/util-base64': 2.1.1
      '@smithy/util-body-length-browser': 2.1.1
      '@smithy/util-body-length-node': 2.2.1
      '@smithy/util-defaults-mode-browser': 2.1.4
      '@smithy/util-defaults-mode-node': 2.2.3
      '@smithy/util-endpoints': 1.1.4
      '@smithy/util-middleware': 2.1.3
      '@smithy/util-retry': 2.1.3
      '@smithy/util-utf8': 2.1.1
      fast-xml-parser: 4.2.5
      tslib: 2.6.2
    transitivePeerDependencies:
      - aws-crt
    dev: true

  /@aws-sdk/core@3.477.0:
    resolution: {integrity: sha512-o0434EH+d1BxHZvgG7z8vph2SYefciQ5RnJw2MgvETGnthgqsnI4nnNJLSw0FVeqCeS18n6vRtzqlGYR2YPCNg==}
    engines: {node: '>=14.0.0'}
    dependencies:
      '@smithy/core': 1.3.5
      '@smithy/protocol-http': 3.2.1
      '@smithy/signature-v4': 2.1.3
      '@smithy/smithy-client': 2.4.2
      '@smithy/types': 2.10.1
      tslib: 2.6.2
    dev: true

  /@aws-sdk/credential-provider-env@3.468.0:
    resolution: {integrity: sha512-k/1WHd3KZn0EQYjadooj53FC0z24/e4dUZhbSKTULgmxyO62pwh9v3Brvw4WRa/8o2wTffU/jo54tf4vGuP/ZA==}
    engines: {node: '>=14.0.0'}
    dependencies:
      '@aws-sdk/types': 3.468.0
      '@smithy/property-provider': 2.1.3
      '@smithy/types': 2.10.1
      tslib: 2.6.2
    dev: true

  /@aws-sdk/credential-provider-ini@3.478.0:
    resolution: {integrity: sha512-SsrYEYUvTG9ZoPC+zB19AnVoOKID+QIEHJDIi1GCZXW5kTVyr1saTVm4orG2TjYvbHQMddsWtHOvGYXZWAYMbw==}
    engines: {node: '>=14.0.0'}
    dependencies:
      '@aws-sdk/credential-provider-env': 3.468.0
      '@aws-sdk/credential-provider-process': 3.468.0
      '@aws-sdk/credential-provider-sso': 3.478.0
      '@aws-sdk/credential-provider-web-identity': 3.468.0
      '@aws-sdk/types': 3.468.0
      '@smithy/credential-provider-imds': 2.2.4
      '@smithy/property-provider': 2.1.3
      '@smithy/shared-ini-file-loader': 2.3.4
      '@smithy/types': 2.10.1
      tslib: 2.6.2
    transitivePeerDependencies:
      - aws-crt
    dev: true

  /@aws-sdk/credential-provider-node@3.478.0:
    resolution: {integrity: sha512-nwDutJYeHiIZCQDgKIUrsgwAWTil0mNe+cbd+j8fi+wwxkWUzip+F0+z02molJ8WrUUKNRhqB1V5aVx7IranuA==}
    engines: {node: '>=14.0.0'}
    dependencies:
      '@aws-sdk/credential-provider-env': 3.468.0
      '@aws-sdk/credential-provider-ini': 3.478.0
      '@aws-sdk/credential-provider-process': 3.468.0
      '@aws-sdk/credential-provider-sso': 3.478.0
      '@aws-sdk/credential-provider-web-identity': 3.468.0
      '@aws-sdk/types': 3.468.0
      '@smithy/credential-provider-imds': 2.2.4
      '@smithy/property-provider': 2.1.3
      '@smithy/shared-ini-file-loader': 2.3.4
      '@smithy/types': 2.10.1
      tslib: 2.6.2
    transitivePeerDependencies:
      - aws-crt
    dev: true

  /@aws-sdk/credential-provider-process@3.468.0:
    resolution: {integrity: sha512-OYSn1A/UsyPJ7Z8Q2cNhTf55O36shPmSsvOfND04nSfu1nPaR+VUvvsP7v+brhGpwC/GAKTIdGAo4blH31BS6A==}
    engines: {node: '>=14.0.0'}
    dependencies:
      '@aws-sdk/types': 3.468.0
      '@smithy/property-provider': 2.1.3
      '@smithy/shared-ini-file-loader': 2.3.4
      '@smithy/types': 2.10.1
      tslib: 2.6.2
    dev: true

  /@aws-sdk/credential-provider-sso@3.478.0:
    resolution: {integrity: sha512-LsDShG51X/q+s5ZFN7kHVqrd8ZHdyEyHqdhoocmRvvw2Dif50M0AqQfvCrW1ndj5CNzXO4x/eH8EK5ZOVlS6Sg==}
    engines: {node: '>=14.0.0'}
    dependencies:
      '@aws-sdk/client-sso': 3.478.0
      '@aws-sdk/token-providers': 3.478.0
      '@aws-sdk/types': 3.468.0
      '@smithy/property-provider': 2.1.3
      '@smithy/shared-ini-file-loader': 2.3.4
      '@smithy/types': 2.10.1
      tslib: 2.6.2
    transitivePeerDependencies:
      - aws-crt
    dev: true

  /@aws-sdk/credential-provider-web-identity@3.468.0:
    resolution: {integrity: sha512-rexymPmXjtkwCPfhnUq3EjO1rSkf39R4Jz9CqiM7OsqK2qlT5Y/V3gnMKn0ZMXsYaQOMfM3cT5xly5R+OKDHlw==}
    engines: {node: '>=14.0.0'}
    dependencies:
      '@aws-sdk/types': 3.468.0
      '@smithy/property-provider': 2.1.3
      '@smithy/types': 2.10.1
      tslib: 2.6.2
    dev: true

  /@aws-sdk/middleware-host-header@3.468.0:
    resolution: {integrity: sha512-gwQ+/QhX+lhof304r6zbZ/V5l5cjhGRxLL3CjH1uJPMcOAbw9wUlMdl+ibr8UwBZ5elfKFGiB1cdW/0uMchw0w==}
    engines: {node: '>=14.0.0'}
    dependencies:
      '@aws-sdk/types': 3.468.0
      '@smithy/protocol-http': 3.2.1
      '@smithy/types': 2.10.1
      tslib: 2.6.2
    dev: true

  /@aws-sdk/middleware-logger@3.468.0:
    resolution: {integrity: sha512-X5XHKV7DHRXI3f29SAhJPe/OxWRFgDWDMMCALfzhmJfCi6Jfh0M14cJKoC+nl+dk9lB+36+jKjhjETZaL2bPlA==}
    engines: {node: '>=14.0.0'}
    dependencies:
      '@aws-sdk/types': 3.468.0
      '@smithy/types': 2.10.1
      tslib: 2.6.2
    dev: true

  /@aws-sdk/middleware-recursion-detection@3.468.0:
    resolution: {integrity: sha512-vch9IQib2Ng9ucSyRW2eKNQXHUPb5jUPCLA5otTW/8nGjcOU37LxQG4WrxO7uaJ9Oe8hjHO+hViE3P0KISUhtA==}
    engines: {node: '>=14.0.0'}
    dependencies:
      '@aws-sdk/types': 3.468.0
      '@smithy/protocol-http': 3.2.1
      '@smithy/types': 2.10.1
      tslib: 2.6.2
    dev: true

  /@aws-sdk/middleware-signing@3.468.0:
    resolution: {integrity: sha512-s+7fSB1gdnnTj5O0aCCarX3z5Vppop8kazbNSZADdkfHIDWCN80IH4ZNjY3OWqaAz0HmR4LNNrovdR304ojb4Q==}
    engines: {node: '>=14.0.0'}
    dependencies:
      '@aws-sdk/types': 3.468.0
      '@smithy/property-provider': 2.1.3
      '@smithy/protocol-http': 3.2.1
      '@smithy/signature-v4': 2.1.3
      '@smithy/types': 2.10.1
      '@smithy/util-middleware': 2.1.3
      tslib: 2.6.2
    dev: true

  /@aws-sdk/middleware-user-agent@3.478.0:
    resolution: {integrity: sha512-Rec+nAPIzzwxgHPW+xqY6tooJGFOytpYg/xSRv8/IXl3xKGhmpMGs6gDWzmMBv/qy5nKTvLph/csNWJ98GWXCw==}
    engines: {node: '>=14.0.0'}
    dependencies:
      '@aws-sdk/types': 3.468.0
      '@aws-sdk/util-endpoints': 3.478.0
      '@smithy/protocol-http': 3.2.1
      '@smithy/types': 2.10.1
      tslib: 2.6.2
    dev: true

  /@aws-sdk/region-config-resolver@3.470.0:
    resolution: {integrity: sha512-C1o1J06iIw8cyAAOvHqT4Bbqf+PgQ/RDlSyjt2gFfP2OovDpc2o2S90dE8f8iZdSGpg70N5MikT1DBhW9NbhtQ==}
    engines: {node: '>=14.0.0'}
    dependencies:
      '@smithy/node-config-provider': 2.2.4
      '@smithy/types': 2.10.1
      '@smithy/util-config-provider': 2.2.1
      '@smithy/util-middleware': 2.1.3
      tslib: 2.6.2
    dev: true

  /@aws-sdk/token-providers@3.478.0:
    resolution: {integrity: sha512-7b5tj1y/wGHZIZ+ckjOUKgKrMuCJMF/G1UKZKIqqdekeEsjcThbvoxAMeY0FEowu2ODVk/ggOmpBFxcu0iYd6A==}
    engines: {node: '>=14.0.0'}
    dependencies:
      '@aws-crypto/sha256-browser': 3.0.0
      '@aws-crypto/sha256-js': 3.0.0
      '@aws-sdk/middleware-host-header': 3.468.0
      '@aws-sdk/middleware-logger': 3.468.0
      '@aws-sdk/middleware-recursion-detection': 3.468.0
      '@aws-sdk/middleware-user-agent': 3.478.0
      '@aws-sdk/region-config-resolver': 3.470.0
      '@aws-sdk/types': 3.468.0
      '@aws-sdk/util-endpoints': 3.478.0
      '@aws-sdk/util-user-agent-browser': 3.468.0
      '@aws-sdk/util-user-agent-node': 3.470.0
      '@smithy/config-resolver': 2.1.4
      '@smithy/fetch-http-handler': 2.4.3
      '@smithy/hash-node': 2.1.3
      '@smithy/invalid-dependency': 2.1.3
      '@smithy/middleware-content-length': 2.1.3
      '@smithy/middleware-endpoint': 2.4.4
      '@smithy/middleware-retry': 2.1.4
      '@smithy/middleware-serde': 2.1.3
      '@smithy/middleware-stack': 2.1.3
      '@smithy/node-config-provider': 2.2.4
      '@smithy/node-http-handler': 2.4.1
      '@smithy/property-provider': 2.1.3
      '@smithy/protocol-http': 3.2.1
      '@smithy/shared-ini-file-loader': 2.3.4
      '@smithy/smithy-client': 2.4.2
      '@smithy/types': 2.10.1
      '@smithy/url-parser': 2.1.3
      '@smithy/util-base64': 2.1.1
      '@smithy/util-body-length-browser': 2.1.1
      '@smithy/util-body-length-node': 2.2.1
      '@smithy/util-defaults-mode-browser': 2.1.4
      '@smithy/util-defaults-mode-node': 2.2.3
      '@smithy/util-endpoints': 1.1.4
      '@smithy/util-retry': 2.1.3
      '@smithy/util-utf8': 2.1.1
      tslib: 2.6.2
    transitivePeerDependencies:
      - aws-crt
    dev: true

  /@aws-sdk/types@3.468.0:
    resolution: {integrity: sha512-rx/9uHI4inRbp2tw3Y4Ih4PNZkVj32h7WneSg3MVgVjAoVD5Zti9KhS5hkvsBxfgmQmg0AQbE+b1sy5WGAgntA==}
    engines: {node: '>=14.0.0'}
    dependencies:
      '@smithy/types': 2.10.1
      tslib: 2.6.2
    dev: true

  /@aws-sdk/util-endpoints@3.478.0:
    resolution: {integrity: sha512-u9Mcg3euGJGs5clPt9mBuhBjHiEKiD0PnfvArhfq9i+dcY5mbCq/i1Dezp3iv1fZH9xxQt7hPXDfSpt1yUSM6g==}
    engines: {node: '>=14.0.0'}
    dependencies:
      '@aws-sdk/types': 3.468.0
      '@smithy/util-endpoints': 1.1.4
      tslib: 2.6.2
    dev: true

  /@aws-sdk/util-locate-window@3.495.0:
    resolution: {integrity: sha512-MfaPXT0kLX2tQaR90saBT9fWQq2DHqSSJRzW+MZWsmF+y5LGCOhO22ac/2o6TKSQm7h0HRc2GaADqYYYor62yg==}
    engines: {node: '>=14.0.0'}
    dependencies:
      tslib: 2.6.2
    dev: true

  /@aws-sdk/util-user-agent-browser@3.468.0:
    resolution: {integrity: sha512-OJyhWWsDEizR3L+dCgMXSUmaCywkiZ7HSbnQytbeKGwokIhD69HTiJcibF/sgcM5gk4k3Mq3puUhGnEZ46GIig==}
    dependencies:
      '@aws-sdk/types': 3.468.0
      '@smithy/types': 2.10.1
      bowser: 2.11.0
      tslib: 2.6.2
    dev: true

  /@aws-sdk/util-user-agent-node@3.470.0:
    resolution: {integrity: sha512-QxsZ9iVHcBB/XRdYvwfM5AMvNp58HfqkIrH88mY0cmxuvtlIGDfWjczdDrZMJk9y0vIq+cuoCHsGXHu7PyiEAQ==}
    engines: {node: '>=14.0.0'}
    peerDependencies:
      aws-crt: '>=1.0.0'
    peerDependenciesMeta:
      aws-crt:
        optional: true
    dependencies:
      '@aws-sdk/types': 3.468.0
      '@smithy/node-config-provider': 2.2.4
      '@smithy/types': 2.10.1
      tslib: 2.6.2
    dev: true

  /@aws-sdk/util-utf8-browser@3.259.0:
    resolution: {integrity: sha512-UvFa/vR+e19XookZF8RzFZBrw2EUkQWxiBW0yYQAhvk3C+QVGl0H3ouca8LDBlBfQKXwmW3huo/59H8rwb1wJw==}
    dependencies:
      tslib: 2.6.2
    dev: true

  /@smithy/abort-controller@2.1.3:
    resolution: {integrity: sha512-c2aYH2Wu1RVE3rLlVgg2kQOBJGM0WbjReQi5DnPTm2Zb7F0gk7J2aeQeaX2u/lQZoHl6gv8Oac7mt9alU3+f4A==}
    engines: {node: '>=14.0.0'}
    dependencies:
      '@smithy/types': 2.10.1
      tslib: 2.6.2
    dev: true

  /@smithy/config-resolver@2.1.4:
    resolution: {integrity: sha512-AW2WUZmBAzgO3V3ovKtsUbI3aBNMeQKFDumoqkNxaVDWF/xfnxAWqBKDr/NuG7c06N2Rm4xeZLPiJH/d+na0HA==}
    engines: {node: '>=14.0.0'}
    dependencies:
      '@smithy/node-config-provider': 2.2.4
      '@smithy/types': 2.10.1
      '@smithy/util-config-provider': 2.2.1
      '@smithy/util-middleware': 2.1.3
      tslib: 2.6.2
    dev: true

  /@smithy/core@1.3.5:
    resolution: {integrity: sha512-Rrc+e2Jj6Gu7Xbn0jvrzZlSiP2CZocIOfZ9aNUA82+1sa6GBnxqL9+iZ9EKHeD9aqD1nU8EK4+oN2EiFpSv7Yw==}
    engines: {node: '>=14.0.0'}
    dependencies:
      '@smithy/middleware-endpoint': 2.4.4
      '@smithy/middleware-retry': 2.1.4
      '@smithy/middleware-serde': 2.1.3
      '@smithy/protocol-http': 3.2.1
      '@smithy/smithy-client': 2.4.2
      '@smithy/types': 2.10.1
      '@smithy/util-middleware': 2.1.3
      tslib: 2.6.2
    dev: true

  /@smithy/credential-provider-imds@2.2.4:
    resolution: {integrity: sha512-DdatjmBZQnhGe1FhI8gO98f7NmvQFSDiZTwC3WMvLTCKQUY+Y1SVkhJqIuLu50Eb7pTheoXQmK+hKYUgpUWsNA==}
    engines: {node: '>=14.0.0'}
    dependencies:
      '@smithy/node-config-provider': 2.2.4
      '@smithy/property-provider': 2.1.3
      '@smithy/types': 2.10.1
      '@smithy/url-parser': 2.1.3
      tslib: 2.6.2
    dev: true

  /@smithy/eventstream-codec@2.1.3:
    resolution: {integrity: sha512-rGlCVuwSDv6qfKH4/lRxFjcZQnIE0LZ3D4lkMHg7ZSltK9rA74r0VuGSvWVQ4N/d70VZPaniFhp4Z14QYZsa+A==}
    dependencies:
      '@aws-crypto/crc32': 3.0.0
      '@smithy/types': 2.10.1
      '@smithy/util-hex-encoding': 2.1.1
      tslib: 2.6.2
    dev: true

  /@smithy/eventstream-serde-browser@2.1.3:
    resolution: {integrity: sha512-qAgKbZ9m2oBfSyJWWurX/MvQFRPrYypj79cDSleEgDwBoez6Tfd+FTpu2L/j3ZeC3mDlDHIKWksoeaXZpLLAHw==}
    engines: {node: '>=14.0.0'}
    dependencies:
      '@smithy/eventstream-serde-universal': 2.1.3
      '@smithy/types': 2.10.1
      tslib: 2.6.2
    dev: true

  /@smithy/eventstream-serde-config-resolver@2.1.3:
    resolution: {integrity: sha512-48rvsNv/MgAFCxOE0qwR7ZwKhaEdDoTxqH5HM+T6SDxICmPGb7gEuQzjTxQhcieCPgqyXeZFW8cU0QJxdowuIg==}
    engines: {node: '>=14.0.0'}
    dependencies:
      '@smithy/types': 2.10.1
      tslib: 2.6.2
    dev: true

  /@smithy/eventstream-serde-node@2.1.3:
    resolution: {integrity: sha512-RPJWWDhj8isk3NtGfm3Xt1WdHyX9ZE42V+m1nLU1I0zZ1hEol/oawHsTnhva/VR5bn+bJ2zscx+BYr0cEPRtmg==}
    engines: {node: '>=14.0.0'}
    dependencies:
      '@smithy/eventstream-serde-universal': 2.1.3
      '@smithy/types': 2.10.1
      tslib: 2.6.2
    dev: true

  /@smithy/eventstream-serde-universal@2.1.3:
    resolution: {integrity: sha512-ssvSMk1LX2jRhiOVgVLGfNJXdB8SvyjieKcJDHq698Gi3LOog6g/+l7ggrN+hZxyjUiDF4cUxgKaZTBUghzhLw==}
    engines: {node: '>=14.0.0'}
    dependencies:
      '@smithy/eventstream-codec': 2.1.3
      '@smithy/types': 2.10.1
      tslib: 2.6.2
    dev: true

  /@smithy/fetch-http-handler@2.4.3:
    resolution: {integrity: sha512-Fn/KYJFo6L5I4YPG8WQb2hOmExgRmNpVH5IK2zU3JKrY5FKW7y9ar5e0BexiIC9DhSKqKX+HeWq/Y18fq7Dkpw==}
    dependencies:
      '@smithy/protocol-http': 3.2.1
      '@smithy/querystring-builder': 2.1.3
      '@smithy/types': 2.10.1
      '@smithy/util-base64': 2.1.1
      tslib: 2.6.2
    dev: true

  /@smithy/hash-node@2.1.3:
    resolution: {integrity: sha512-FsAPCUj7VNJIdHbSxMd5uiZiF20G2zdSDgrgrDrHqIs/VMxK85Vqk5kMVNNDMCZmMezp6UKnac0B4nAyx7HJ9g==}
    engines: {node: '>=14.0.0'}
    dependencies:
      '@smithy/types': 2.10.1
      '@smithy/util-buffer-from': 2.1.1
      '@smithy/util-utf8': 2.1.1
      tslib: 2.6.2
    dev: true

  /@smithy/invalid-dependency@2.1.3:
    resolution: {integrity: sha512-wkra7d/G4CbngV4xsjYyAYOvdAhahQje/WymuQdVEnXFExJopEu7fbL5AEAlBPgWHXwu94VnCSG00gVzRfExyg==}
    dependencies:
      '@smithy/types': 2.10.1
      tslib: 2.6.2
    dev: true

  /@smithy/is-array-buffer@2.1.1:
    resolution: {integrity: sha512-xozSQrcUinPpNPNPds4S7z/FakDTh1MZWtRP/2vQtYB/u3HYrX2UXuZs+VhaKBd6Vc7g2XPr2ZtwGBNDN6fNKQ==}
    engines: {node: '>=14.0.0'}
    dependencies:
      tslib: 2.6.2
    dev: true

  /@smithy/middleware-content-length@2.1.3:
    resolution: {integrity: sha512-aJduhkC+dcXxdnv5ZpM3uMmtGmVFKx412R1gbeykS5HXDmRU6oSsyy2SoHENCkfOGKAQOjVE2WVqDJibC0d21g==}
    engines: {node: '>=14.0.0'}
    dependencies:
      '@smithy/protocol-http': 3.2.1
      '@smithy/types': 2.10.1
      tslib: 2.6.2
    dev: true

  /@smithy/middleware-endpoint@2.4.4:
    resolution: {integrity: sha512-4yjHyHK2Jul4JUDBo2sTsWY9UshYUnXeb/TAK/MTaPEb8XQvDmpwSFnfIRDU45RY1a6iC9LCnmJNg/yHyfxqkw==}
    engines: {node: '>=14.0.0'}
    dependencies:
      '@smithy/middleware-serde': 2.1.3
      '@smithy/node-config-provider': 2.2.4
      '@smithy/shared-ini-file-loader': 2.3.4
      '@smithy/types': 2.10.1
      '@smithy/url-parser': 2.1.3
      '@smithy/util-middleware': 2.1.3
      tslib: 2.6.2
    dev: true

  /@smithy/middleware-retry@2.1.4:
    resolution: {integrity: sha512-Cyolv9YckZTPli1EkkaS39UklonxMd08VskiuMhURDjC0HHa/AD6aK/YoD21CHv9s0QLg0WMLvk9YeLTKkXaFQ==}
    engines: {node: '>=14.0.0'}
    dependencies:
      '@smithy/node-config-provider': 2.2.4
      '@smithy/protocol-http': 3.2.1
      '@smithy/service-error-classification': 2.1.3
      '@smithy/smithy-client': 2.4.2
      '@smithy/types': 2.10.1
      '@smithy/util-middleware': 2.1.3
      '@smithy/util-retry': 2.1.3
      tslib: 2.6.2
      uuid: 8.3.2
    dev: true

  /@smithy/middleware-serde@2.1.3:
    resolution: {integrity: sha512-s76LId+TwASrHhUa9QS4k/zeXDUAuNuddKklQzRgumbzge5BftVXHXIqL4wQxKGLocPwfgAOXWx+HdWhQk9hTg==}
    engines: {node: '>=14.0.0'}
    dependencies:
      '@smithy/types': 2.10.1
      tslib: 2.6.2
    dev: true

  /@smithy/middleware-stack@2.1.3:
    resolution: {integrity: sha512-opMFufVQgvBSld/b7mD7OOEBxF6STyraVr1xel1j0abVILM8ALJvRoFbqSWHGmaDlRGIiV9Q5cGbWi0sdiEaLQ==}
    engines: {node: '>=14.0.0'}
    dependencies:
      '@smithy/types': 2.10.1
      tslib: 2.6.2
    dev: true

  /@smithy/node-config-provider@2.2.4:
    resolution: {integrity: sha512-nqazHCp8r4KHSFhRQ+T0VEkeqvA0U+RhehBSr1gunUuNW3X7j0uDrWBxB2gE9eutzy6kE3Y7L+Dov/UXT871vg==}
    engines: {node: '>=14.0.0'}
    dependencies:
      '@smithy/property-provider': 2.1.3
      '@smithy/shared-ini-file-loader': 2.3.4
      '@smithy/types': 2.10.1
      tslib: 2.6.2
    dev: true

  /@smithy/node-http-handler@2.4.1:
    resolution: {integrity: sha512-HCkb94soYhJMxPCa61wGKgmeKpJ3Gftx1XD6bcWEB2wMV1L9/SkQu/6/ysKBnbOzWRE01FGzwrTxucHypZ8rdg==}
    engines: {node: '>=14.0.0'}
    dependencies:
      '@smithy/abort-controller': 2.1.3
      '@smithy/protocol-http': 3.2.1
      '@smithy/querystring-builder': 2.1.3
      '@smithy/types': 2.10.1
      tslib: 2.6.2
    dev: true

  /@smithy/property-provider@2.1.3:
    resolution: {integrity: sha512-bMz3se+ySKWNrgm7eIiQMa2HO/0fl2D0HvLAdg9pTMcpgp4SqOAh6bz7Ik6y7uQqSrk4rLjIKgbQ6yzYgGehCQ==}
    engines: {node: '>=14.0.0'}
    dependencies:
      '@smithy/types': 2.10.1
      tslib: 2.6.2
    dev: true

  /@smithy/protocol-http@3.2.1:
    resolution: {integrity: sha512-KLrQkEw4yJCeAmAH7hctE8g9KwA7+H2nSJwxgwIxchbp/L0B5exTdOQi9D5HinPLlothoervGmhpYKelZ6AxIA==}
    engines: {node: '>=14.0.0'}
    dependencies:
      '@smithy/types': 2.10.1
      tslib: 2.6.2
    dev: true

  /@smithy/querystring-builder@2.1.3:
    resolution: {integrity: sha512-kFD3PnNqKELe6m9GRHQw/ftFFSZpnSeQD4qvgDB6BQN6hREHELSosVFUMPN4M3MDKN2jAwk35vXHLoDrNfKu0A==}
    engines: {node: '>=14.0.0'}
    dependencies:
      '@smithy/types': 2.10.1
      '@smithy/util-uri-escape': 2.1.1
      tslib: 2.6.2
    dev: true

  /@smithy/querystring-parser@2.1.3:
    resolution: {integrity: sha512-3+CWJoAqcBMR+yvz6D+Fc5VdoGFtfenW6wqSWATWajrRMGVwJGPT3Vy2eb2bnMktJc4HU4bpjeovFa566P3knQ==}
    engines: {node: '>=14.0.0'}
    dependencies:
      '@smithy/types': 2.10.1
      tslib: 2.6.2
    dev: true

  /@smithy/service-error-classification@2.1.3:
    resolution: {integrity: sha512-iUrpSsem97bbXHHT/v3s7vaq8IIeMo6P6cXdeYHrx0wOJpMeBGQF7CB0mbJSiTm3//iq3L55JiEm8rA7CTVI8A==}
    engines: {node: '>=14.0.0'}
    dependencies:
      '@smithy/types': 2.10.1
    dev: true

  /@smithy/shared-ini-file-loader@2.3.4:
    resolution: {integrity: sha512-CiZmPg9GeDKbKmJGEFvJBsJcFnh0AQRzOtQAzj1XEa8N/0/uSN/v1LYzgO7ry8hhO8+9KB7+DhSW0weqBra4Aw==}
    engines: {node: '>=14.0.0'}
    dependencies:
      '@smithy/types': 2.10.1
      tslib: 2.6.2
    dev: true

  /@smithy/signature-v4@2.1.3:
    resolution: {integrity: sha512-Jq4iPPdCmJojZTsPePn4r1ULShh6ONkokLuxp1Lnk4Sq7r7rJp4HlA1LbPBq4bD64TIzQezIpr1X+eh5NYkNxw==}
    engines: {node: '>=14.0.0'}
    dependencies:
      '@smithy/eventstream-codec': 2.1.3
      '@smithy/is-array-buffer': 2.1.1
      '@smithy/types': 2.10.1
      '@smithy/util-hex-encoding': 2.1.1
      '@smithy/util-middleware': 2.1.3
      '@smithy/util-uri-escape': 2.1.1
      '@smithy/util-utf8': 2.1.1
      tslib: 2.6.2
    dev: true

  /@smithy/smithy-client@2.4.2:
    resolution: {integrity: sha512-ntAFYN51zu3N3mCd95YFcFi/8rmvm//uX+HnK24CRbI6k5Rjackn0JhgKz5zOx/tbNvOpgQIwhSX+1EvEsBLbA==}
    engines: {node: '>=14.0.0'}
    dependencies:
      '@smithy/middleware-endpoint': 2.4.4
      '@smithy/middleware-stack': 2.1.3
      '@smithy/protocol-http': 3.2.1
      '@smithy/types': 2.10.1
      '@smithy/util-stream': 2.1.3
      tslib: 2.6.2
    dev: true

  /@smithy/types@2.10.1:
    resolution: {integrity: sha512-hjQO+4ru4cQ58FluQvKKiyMsFg0A6iRpGm2kqdH8fniyNd2WyanoOsYJfMX/IFLuLxEoW6gnRkNZy1y6fUUhtA==}
    engines: {node: '>=14.0.0'}
    dependencies:
      tslib: 2.6.2
    dev: true

  /@smithy/url-parser@2.1.3:
    resolution: {integrity: sha512-X1NRA4WzK/ihgyzTpeGvI9Wn45y8HmqF4AZ/FazwAv8V203Ex+4lXqcYI70naX9ETqbqKVzFk88W6WJJzCggTQ==}
    dependencies:
      '@smithy/querystring-parser': 2.1.3
      '@smithy/types': 2.10.1
      tslib: 2.6.2
    dev: true

  /@smithy/util-base64@2.1.1:
    resolution: {integrity: sha512-UfHVpY7qfF/MrgndI5PexSKVTxSZIdz9InghTFa49QOvuu9I52zLPLUHXvHpNuMb1iD2vmc6R+zbv/bdMipR/g==}
    engines: {node: '>=14.0.0'}
    dependencies:
      '@smithy/util-buffer-from': 2.1.1
      tslib: 2.6.2
    dev: true

  /@smithy/util-body-length-browser@2.1.1:
    resolution: {integrity: sha512-ekOGBLvs1VS2d1zM2ER4JEeBWAvIOUKeaFch29UjjJsxmZ/f0L3K3x0dEETgh3Q9bkZNHgT+rkdl/J/VUqSRag==}
    dependencies:
      tslib: 2.6.2
    dev: true

  /@smithy/util-body-length-node@2.2.1:
    resolution: {integrity: sha512-/ggJG+ta3IDtpNVq4ktmEUtOkH1LW64RHB5B0hcr5ZaWBmo96UX2cIOVbjCqqDickTXqBWZ4ZO0APuaPrD7Abg==}
    engines: {node: '>=14.0.0'}
    dependencies:
      tslib: 2.6.2
    dev: true

  /@smithy/util-buffer-from@2.1.1:
    resolution: {integrity: sha512-clhNjbyfqIv9Md2Mg6FffGVrJxw7bgK7s3Iax36xnfVj6cg0fUG7I4RH0XgXJF8bxi+saY5HR21g2UPKSxVCXg==}
    engines: {node: '>=14.0.0'}
    dependencies:
      '@smithy/is-array-buffer': 2.1.1
      tslib: 2.6.2
    dev: true

  /@smithy/util-config-provider@2.2.1:
    resolution: {integrity: sha512-50VL/tx9oYYcjJn/qKqNy7sCtpD0+s8XEBamIFo4mFFTclKMNp+rsnymD796uybjiIquB7VCB/DeafduL0y2kw==}
    engines: {node: '>=14.0.0'}
    dependencies:
      tslib: 2.6.2
    dev: true

  /@smithy/util-defaults-mode-browser@2.1.4:
    resolution: {integrity: sha512-J6XAVY+/g7jf03QMnvqPyU+8jqGrrtXoKWFVOS+n1sz0Lg8HjHJ1ANqaDN+KTTKZRZlvG8nU5ZrJOUL6VdwgcQ==}
    engines: {node: '>= 10.0.0'}
    dependencies:
      '@smithy/property-provider': 2.1.3
      '@smithy/smithy-client': 2.4.2
      '@smithy/types': 2.10.1
      bowser: 2.11.0
      tslib: 2.6.2
    dev: true

  /@smithy/util-defaults-mode-node@2.2.3:
    resolution: {integrity: sha512-ttUISrv1uVOjTlDa3nznX33f0pthoUlP+4grhTvOzcLhzArx8qHB94/untGACOG3nlf8vU20nI2iWImfzoLkYA==}
    engines: {node: '>= 10.0.0'}
    dependencies:
      '@smithy/config-resolver': 2.1.4
      '@smithy/credential-provider-imds': 2.2.4
      '@smithy/node-config-provider': 2.2.4
      '@smithy/property-provider': 2.1.3
      '@smithy/smithy-client': 2.4.2
      '@smithy/types': 2.10.1
      tslib: 2.6.2
    dev: true

  /@smithy/util-endpoints@1.1.4:
    resolution: {integrity: sha512-/qAeHmK5l4yQ4/bCIJ9p49wDe9rwWtOzhPHblu386fwPNT3pxmodgcs9jDCV52yK9b4rB8o9Sj31P/7Vzka1cg==}
    engines: {node: '>= 14.0.0'}
    dependencies:
      '@smithy/node-config-provider': 2.2.4
      '@smithy/types': 2.10.1
      tslib: 2.6.2
    dev: true

  /@smithy/util-hex-encoding@2.1.1:
    resolution: {integrity: sha512-3UNdP2pkYUUBGEXzQI9ODTDK+Tcu1BlCyDBaRHwyxhA+8xLP8agEKQq4MGmpjqb4VQAjq9TwlCQX0kP6XDKYLg==}
    engines: {node: '>=14.0.0'}
    dependencies:
      tslib: 2.6.2
    dev: true

  /@smithy/util-middleware@2.1.3:
    resolution: {integrity: sha512-/+2fm7AZ2ozl5h8wM++ZP0ovE9/tiUUAHIbCfGfb3Zd3+Dyk17WODPKXBeJ/TnK5U+x743QmA0xHzlSm8I/qhw==}
    engines: {node: '>=14.0.0'}
    dependencies:
      '@smithy/types': 2.10.1
      tslib: 2.6.2
    dev: true

  /@smithy/util-retry@2.1.3:
    resolution: {integrity: sha512-Kbvd+GEMuozbNUU3B89mb99tbufwREcyx2BOX0X2+qHjq6Gvsah8xSDDgxISDwcOHoDqUWO425F0Uc/QIRhYkg==}
    engines: {node: '>= 14.0.0'}
    dependencies:
      '@smithy/service-error-classification': 2.1.3
      '@smithy/types': 2.10.1
      tslib: 2.6.2
    dev: true

  /@smithy/util-stream@2.1.3:
    resolution: {integrity: sha512-HvpEQbP8raTy9n86ZfXiAkf3ezp1c3qeeO//zGqwZdrfaoOpGKQgF2Sv1IqZp7wjhna7pvczWaGUHjcOPuQwKw==}
    engines: {node: '>=14.0.0'}
    dependencies:
      '@smithy/fetch-http-handler': 2.4.3
      '@smithy/node-http-handler': 2.4.1
      '@smithy/types': 2.10.1
      '@smithy/util-base64': 2.1.1
      '@smithy/util-buffer-from': 2.1.1
      '@smithy/util-hex-encoding': 2.1.1
      '@smithy/util-utf8': 2.1.1
      tslib: 2.6.2
    dev: true

  /@smithy/util-uri-escape@2.1.1:
    resolution: {integrity: sha512-saVzI1h6iRBUVSqtnlOnc9ssU09ypo7n+shdQ8hBTZno/9rZ3AuRYvoHInV57VF7Qn7B+pFJG7qTzFiHxWlWBw==}
    engines: {node: '>=14.0.0'}
    dependencies:
      tslib: 2.6.2
    dev: true

  /@smithy/util-utf8@2.1.1:
    resolution: {integrity: sha512-BqTpzYEcUMDwAKr7/mVRUtHDhs6ZoXDi9NypMvMfOr/+u1NW7JgqodPDECiiLboEm6bobcPcECxzjtQh865e9A==}
    engines: {node: '>=14.0.0'}
    dependencies:
      '@smithy/util-buffer-from': 2.1.1
      tslib: 2.6.2
    dev: true

  /@smithy/util-waiter@2.1.3:
    resolution: {integrity: sha512-3R0wNFAQQoH9e4m+bVLDYNOst2qNxtxFgq03WoNHWTBOqQT3jFnOBRj1W51Rf563xDA5kwqjziksxn6RKkHB+Q==}
    engines: {node: '>=14.0.0'}
    dependencies:
      '@smithy/abort-controller': 2.1.3
      '@smithy/types': 2.10.1
      tslib: 2.6.2
    dev: true

  /bowser@2.11.0:
    resolution: {integrity: sha512-AlcaJBi/pqqJBIQ8U9Mcpc9i8Aqxn88Skv5d+xBX006BY5u8N3mGLHa5Lgppa7L/HfwgwLgZ6NYs+Ag6uUmJRA==}
    dev: true

  /fast-xml-parser@4.2.5:
    resolution: {integrity: sha512-B9/wizE4WngqQftFPmdaMYlXoJlJOYxGQOanC77fq9k8+Z0v5dDSVh+3glErdIROP//s/jgb7ZuxKfB8nVyo0g==}
    hasBin: true
    dependencies:
      strnum: 1.0.5
    dev: true

  /hono@4.0.8:
    resolution: {integrity: sha512-zhTXu32vXeEXajsqZVjPfoyO0/fgAKLLmPBpSDzRBMr7zZ5N8yV1FmsfWl2MYtm+MD8hD7knLCovx8Oaqubd4w==}
    engines: {node: '>=16.0.0'}
    dev: true

  /jose@4.15.4:
    resolution: {integrity: sha512-W+oqK4H+r5sITxfxpSU+MMdr/YSWGvgZMQDIsNoBDGGy4i7GBPTtvFKibQzW06n3U3TqHjhvBJsirShsEJ6eeQ==}
    dev: true

  /jose@5.2.2:
    resolution: {integrity: sha512-/WByRr4jDcsKlvMd1dRJnPfS1GVO3WuKyaurJ/vvXcOaUQO8rnNObCQMlv/5uCceVQIq5Q4WLF44ohsdiTohdg==}
    dev: true

  /lru-cache@6.0.0:
    resolution: {integrity: sha512-Jo6dJ04CmSjuznwJSS3pUeWmd/H0ffTlkXXgwZi+eq1UCmqQwCh+eLsYOYCwY991i2Fah4h1BEMCx4qThGbsiA==}
    engines: {node: '>=10'}
    dependencies:
      yallist: 4.0.0
    dev: true

  /object-hash@2.2.0:
    resolution: {integrity: sha512-gScRMn0bS5fH+IuwyIFgnh9zBdo4DV+6GhygmWM9HyNJSgS0hScp1f5vjtm7oIIOiT9trXrShAkLFSc2IqKNgw==}
    engines: {node: '>= 6'}
    dev: true

  /oidc-token-hash@5.0.3:
    resolution: {integrity: sha512-IF4PcGgzAr6XXSff26Sk/+P4KZFJVuHAJZj3wgO3vX2bMdNVp/QXTP3P7CEm9V1IdG8lDLY3HhiqpsE/nOwpPw==}
    engines: {node: ^10.13.0 || >=12.0.0}
    dev: true

  /openid-client@5.6.4:
    resolution: {integrity: sha512-T1h3B10BRPKfcObdBklX639tVz+xh34O7GjofqrqiAQdm7eHsQ00ih18x6wuJ/E6FxdtS2u3FmUGPDeEcMwzNA==}
    dependencies:
      jose: 4.15.4
      lru-cache: 6.0.0
      object-hash: 2.2.0
      oidc-token-hash: 5.0.3
    dev: true

  /sst@3.0.1-37:
    resolution: {integrity: sha512-ELlIaKu5ysWGOBc2BAhXAiUyJkBIbDlfAXxJqmJR3vnNSP4sI97KYYDoBGFXv3misZOqwjpcI0go/wmKFdKbdw==}
    dependencies:
      '@aws-sdk/client-lambda': 3.478.0
      hono: 4.0.8
      jose: 5.2.2
      openid-client: 5.6.4
    transitivePeerDependencies:
      - aws-crt
    dev: true

  /strnum@1.0.5:
    resolution: {integrity: sha512-J8bbNyKKXl5qYcR36TIO8W3mVGVHrmmxsd5PAItGkmyzwJvybiw2IVq5nqd0i4LSNSkB/sx9VHllbfFdr9k1JA==}
    dev: true

  /tslib@1.14.1:
    resolution: {integrity: sha512-Xni35NKzjgMrwevysHTCArtLDpPvye8zV/0E4EyYn43P7/7qvQwPh9BGkHewbMulVntbigmcT7rdX3BNo9wRJg==}
    dev: true

  /tslib@2.6.2:
    resolution: {integrity: sha512-AEYxH93jGFPn/a2iVAwW87VuUIkR1FVUKB77NwMF7nBTDkDrrT/Hpt/IrCJ0QXhW27jTBDcf5ZY7w6RiqTMw2Q==}
    dev: true

  /uuid@8.3.2:
    resolution: {integrity: sha512-+NYs2QeMWy+GWFOEm9xnn6HCDp0l7QBD7ml8zLUmJ+93Q5NF0NocErnwkTkXVFNiX3/fpC6afS8Dhb/gz7R7eg==}
    hasBin: true
    dev: true

  /yallist@4.0.0:
    resolution: {integrity: sha512-3wdGidZyq5PB084XLES5TpOSRA3wjXAlIWMhum2kRcv/41Sn2emQ0dycQW4uZXLejwKvg6EsvbdlVL+FYEct7A==}
    dev: true
