# THIS IS AN AUTOGENERATED FILE. DO NOT EDIT THIS FILE DIRECTLY.
# yarn lockfile v1


"@aws-cdk/aws-events@1.55.0":
  version "1.55.0"
  resolved "https://registry.yarnpkg.com/@aws-cdk/aws-events/-/aws-events-1.55.0.tgz#3d784b0bf7ac2a2ebe6e52a9b89365d30bdd9398"
  integrity sha512-jL9bygowe/6kYoAIApBcYi92zSjSxyn43CfOOILkplEsxdg3nNKfgnkQ4JgS1WwCuBNOhPAY6Zzc6bLKDi4Igw==
  dependencies:
    "@aws-cdk/aws-iam" "1.55.0"
    "@aws-cdk/core" "1.55.0"
    constructs "^3.0.2"

"@aws-cdk/aws-iam@1.55.0":
  version "1.55.0"
  resolved "https://registry.yarnpkg.com/@aws-cdk/aws-iam/-/aws-iam-1.55.0.tgz#fedac6b83a9a7ee48e4cda6d877f684f1dac0056"
  integrity sha512-cAKQN1sEdDXZ2xFOOoWQskDh/GuQS81m6Qd/o6KQeFli8ftXSlD5dq5+UIs+oHBwhE8xwYJLbHDx79L3lQcMug==
  dependencies:
    "@aws-cdk/core" "1.55.0"
    "@aws-cdk/region-info" "1.55.0"
    constructs "^3.0.2"

"@aws-cdk/aws-kms@1.55.0":
  version "1.55.0"
  resolved "https://registry.yarnpkg.com/@aws-cdk/aws-kms/-/aws-kms-1.55.0.tgz#eaaa9b2ea9b7f65d3bdcab8109104477b2ff2baf"
  integrity sha512-GSNKEn2w5QwKF+vwlz0N9TPnRh/p/tOFHb+AuNmNq4y2f3c3rTmW/anJu+ISE5qIVzTnev6bLQ+y7Iidt8aXKQ==
  dependencies:
    "@aws-cdk/aws-iam" "1.55.0"
    "@aws-cdk/core" "1.55.0"
    constructs "^3.0.2"

"@aws-cdk/aws-s3@^1.55.0":
  version "1.55.0"
  resolved "https://registry.yarnpkg.com/@aws-cdk/aws-s3/-/aws-s3-1.55.0.tgz#41a0f134608fa068d0ea2b451a5ec039da4ca372"
  integrity sha512-VNBTw+ADXcNuIi+ziGpEiGN0kxE/32MGUK6esePMxRr+zv9JqE4q0YwiSSjp0FWnM1g3mufkergXfNcGCCPMrw==
  dependencies:
    "@aws-cdk/aws-events" "1.55.0"
    "@aws-cdk/aws-iam" "1.55.0"
    "@aws-cdk/aws-kms" "1.55.0"
    "@aws-cdk/core" "1.55.0"
    constructs "^3.0.2"

"@aws-cdk/cloud-assembly-schema@1.55.0":
  version "1.55.0"
  resolved "https://registry.yarnpkg.com/@aws-cdk/cloud-assembly-schema/-/cloud-assembly-schema-1.55.0.tgz#75884413f1400a3c117204a9b04ecbaa2bd4c637"
  integrity sha512-C4nBSUWAfKK7C43FN4a4F4cTygMJqmfFPGgV8CSmCjisp3MWTbFrr1vQ04rTmLn1c/87x/iHnIh31dulg7ueig==
  dependencies:
    jsonschema "^1.2.5"
    semver "^7.2.2"

"@aws-cdk/cloud-assembly-schema@1.57.0":
  version "1.57.0"
  resolved "https://registry.yarnpkg.com/@aws-cdk/cloud-assembly-schema/-/cloud-assembly-schema-1.57.0.tgz#bf9c63cf3ca8cbf0f37886b43b12f5fab5c7c989"
  integrity sha512-IJyV3pgMvpbaIVYpUkBGsxIWh+VK7TxuTbEyHfBra5+VgXLoFdSG2UO80b4v6ou+occRqUGbqAnc/VfYr1uuvw==
  dependencies:
    jsonschema "^1.2.5"
    semver "^7.2.2"

"@aws-cdk/core@1.55.0", "@aws-cdk/core@^1.55.0":
  version "1.55.0"
  resolved "https://registry.yarnpkg.com/@aws-cdk/core/-/core-1.55.0.tgz#de1b5be019c5bbd9bf9d3b60c0b5e66b92af197d"
  integrity sha512-+lwV7E0ba7ePH6NF8fOtc8/w31dYgBqt9BWRQkCk13/5K8eW0cSli7INeeiyIBnNgG5DIux8dxIV4ofqgmQl1g==
  dependencies:
    "@aws-cdk/cloud-assembly-schema" "1.55.0"
    "@aws-cdk/cx-api" "1.55.0"
    constructs "^3.0.2"
    fs-extra "^9.0.1"
    minimatch "^3.0.4"

"@aws-cdk/cx-api@1.55.0":
  version "1.55.0"
  resolved "https://registry.yarnpkg.com/@aws-cdk/cx-api/-/cx-api-1.55.0.tgz#bff3cc9cc861c17064a898291b521f1231245d44"
  integrity sha512-dAfuDwUcCFOh6lWRwH8kjP8zcWiQtGnSvXsFqoOuiwYvmybNavSGXPP68e9ExTzX8IfbAACpGgkzh4AFtKLARQ==
  dependencies:
    "@aws-cdk/cloud-assembly-schema" "1.55.0"
    semver "^7.2.2"

"@aws-cdk/cx-api@^1.55.0":
  version "1.57.0"
  resolved "https://registry.yarnpkg.com/@aws-cdk/cx-api/-/cx-api-1.57.0.tgz#e6ad6936e1781b821317be60978fb20111cb4d16"
  integrity sha512-h2qTTofE8cE1rSZB9ny+7AjjmxEdKoxhq+GsQebQ5NZkrN/Rbc+DL77S/GG53koPG4u/ZoA4UcdLz/JqiGgdPA==
  dependencies:
    "@aws-cdk/cloud-assembly-schema" "1.57.0"
    semver "^7.2.2"

"@aws-cdk/region-info@1.55.0":
  version "1.55.0"
  resolved "https://registry.yarnpkg.com/@aws-cdk/region-info/-/region-info-1.55.0.tgz#963bacb8c96eced6fe8c607b3dee7a3085aa02ee"
  integrity sha512-SYHSb4/pqokjZIuf7WIncy4IkWbAasAtqe/lsGT+GML6lgH0A2sSMMg9H4tPh1ovxvDGSGhE4FJrMyRVtAbmeQ==

"@serverless-stack/resources@../../../resources":
  version "0.0.6"
  dependencies:
    "@aws-cdk/core" "^1.55.0"
    "@aws-cdk/cx-api" "^1.55.0"

at-least-node@^1.0.0:
  version "1.0.0"
  resolved "https://registry.yarnpkg.com/at-least-node/-/at-least-node-1.0.0.tgz#602cd4b46e844ad4effc92a8011a3c46e0238dc2"
  integrity sha512-+q/t7Ekv1EDY2l6Gda6LLiX14rU9TV20Wa3ofeQmwPFZbOMo9DXrLbOjFaaclkXKWidIaopwAObQDqwWtGUjqg==

balanced-match@^1.0.0:
  version "1.0.0"
  resolved "https://registry.yarnpkg.com/balanced-match/-/balanced-match-1.0.0.tgz#89b4d199ab2bee49de164ea02b89ce462d71b767"
  integrity sha1-ibTRmasr7kneFk6gK4nORi1xt2c=

brace-expansion@^1.1.7:
  version "1.1.11"
  resolved "https://registry.yarnpkg.com/brace-expansion/-/brace-expansion-1.1.11.tgz#3c7fcbf529d87226f3d2f52b966ff5271eb441dd"
  integrity sha512-iCuPHDFgrHX7H2vEI/5xpz07zSHB00TpugqhmYtVmMO6518mCuRMoOYFldEBl0g187ufozdaHgWKcYFb61qGiA==
  dependencies:
    balanced-match "^1.0.0"
    concat-map "0.0.1"

concat-map@0.0.1:
  version "0.0.1"
  resolved "https://registry.yarnpkg.com/concat-map/-/concat-map-0.0.1.tgz#d8a96bd77fd68df7793a73036a3ba0d5405d477b"
  integrity sha1-2Klr13/Wjfd5OnMDajug1UBdR3s=

constructs@^3.0.2:
  version "3.0.4"
  resolved "https://registry.yarnpkg.com/constructs/-/constructs-3.0.4.tgz#eb1ed5b80f6600b8d50de83971357ae0fe8e29a2"
  integrity sha512-CDvg7gMjphE3DFX4pzkF6j73NREbR8npPFW8Mx/CLRnMR035+Y1o1HrXIsNSss/dq3ZUnNTU9jKyd3fL9EOlfw==

fs-extra@^9.0.1:
  version "9.0.1"
  resolved "https://registry.yarnpkg.com/fs-extra/-/fs-extra-9.0.1.tgz#910da0062437ba4c39fedd863f1675ccfefcb9fc"
  integrity sha512-h2iAoN838FqAFJY2/qVpzFXy+EBxfVE220PalAqQLDVsFOHLJrZvut5puAbCdNv6WJk+B8ihI+k0c7JK5erwqQ==
  dependencies:
    at-least-node "^1.0.0"
    graceful-fs "^4.2.0"
    jsonfile "^6.0.1"
    universalify "^1.0.0"

graceful-fs@^4.1.6, graceful-fs@^4.2.0:
  version "4.2.4"
  resolved "https://registry.yarnpkg.com/graceful-fs/-/graceful-fs-4.2.4.tgz#2256bde14d3632958c465ebc96dc467ca07a29fb"
  integrity sha512-WjKPNJF79dtJAVniUlGGWHYGz2jWxT6VhN/4m1NdkbZ2nOsEF+cI1Edgql5zCRhs/VsQYRvrXctxktVXZUkixw==

jsonfile@^6.0.1:
  version "6.0.1"
  resolved "https://registry.yarnpkg.com/jsonfile/-/jsonfile-6.0.1.tgz#98966cba214378c8c84b82e085907b40bf614179"
  integrity sha512-jR2b5v7d2vIOust+w3wtFKZIfpC2pnRmFAhAC/BuweZFQR8qZzxH1OyrQ10HmdVYiXWkYUqPVsz91cG7EL2FBg==
  dependencies:
    universalify "^1.0.0"
  optionalDependencies:
    graceful-fs "^4.1.6"

jsonschema@^1.2.5:
  version "1.2.6"
  resolved "https://registry.yarnpkg.com/jsonschema/-/jsonschema-1.2.6.tgz#52b0a8e9dc06bbae7295249d03e4b9faee8a0c0b"
  integrity sha512-SqhURKZG07JyKKeo/ir24QnS4/BV7a6gQy93bUSe4lUdNp0QNpIz2c9elWJQ9dpc5cQYY6cvCzgRwy0MQCLyqA==

minimatch@^3.0.4:
  version "3.0.4"
  resolved "https://registry.yarnpkg.com/minimatch/-/minimatch-3.0.4.tgz#5166e286457f03306064be5497e8dbb0c3d32083"
  integrity sha512-yJHVQEhyqPLUTgt9B83PXu6W3rx4MvvHvSUvToogpwoGDOUQ+yDrR0HRot+yOCdCO7u4hX3pWft6kWBBcqh0UA==
  dependencies:
    brace-expansion "^1.1.7"

semver@^7.2.2:
  version "7.3.2"
  resolved "https://registry.yarnpkg.com/semver/-/semver-7.3.2.tgz#604962b052b81ed0786aae84389ffba70ffd3938"
  integrity sha512-OrOb32TeeambH6UrhtShmF7CRDqhL6/5XpPNp2DuRH6+9QLw/orhp72j87v8Qa1ScDkvrrBNpZcDejAirJmfXQ==

universalify@^1.0.0:
  version "1.0.0"
  resolved "https://registry.yarnpkg.com/universalify/-/universalify-1.0.0.tgz#b61a1da173e8435b2fe3c67d29b9adf8594bd16d"
  integrity sha512-rb6X1W158d7pRQBg5gkR8uPaSfiids68LTJQYOtEUhoJUWBdaQHsuT/EUduxXYxcrt4r5PJ4fuHW1MHT6p0qug==
