lockfileVersion: '6.0'

settings:
  autoInstallPeers: true
  excludeLinksFromLockfile: false

dependencies:
  '@aws-sdk/client-sns':
    specifier: ^3.515.0
    version: 3.515.0

devDependencies:
  sst:
    specifier: 3.0.1-7
    version: 3.0.1-7

packages:

  /@aws-crypto/crc32@3.0.0:
    resolution: {integrity: sha512-IzSgsrxUcsrejQbPVilIKy16kAT52EwB6zSaI+M3xxIhKh5+aldEyvI+z6erM7TCLB2BJsFrtHjp6/4/sr+3dA==}
    dependencies:
      '@aws-crypto/util': 3.0.0
      '@aws-sdk/types': 3.515.0
      tslib: 1.14.1
    dev: false

  /@aws-crypto/ie11-detection@3.0.0:
    resolution: {integrity: sha512-341lBBkiY1DfDNKai/wXM3aujNBkXR7tq1URPQDL9wi3AUbI80NR74uF1TXHMm7po1AcnFk8iu2S2IeU/+/A+Q==}
    dependencies:
      tslib: 1.14.1
    dev: false

  /@aws-crypto/sha256-browser@3.0.0:
    resolution: {integrity: sha512-8VLmW2B+gjFbU5uMeqtQM6Nj0/F1bro80xQXCW6CQBWgosFWXTx77aeOF5CAIAmbOK64SdMBJdNr6J41yP5mvQ==}
    dependencies:
      '@aws-crypto/ie11-detection': 3.0.0
      '@aws-crypto/sha256-js': 3.0.0
      '@aws-crypto/supports-web-crypto': 3.0.0
      '@aws-crypto/util': 3.0.0
      '@aws-sdk/types': 3.515.0
      '@aws-sdk/util-locate-window': 3.495.0
      '@aws-sdk/util-utf8-browser': 3.259.0
      tslib: 1.14.1
    dev: false

  /@aws-crypto/sha256-js@3.0.0:
    resolution: {integrity: sha512-PnNN7os0+yd1XvXAy23CFOmTbMaDxgxXtTKHybrJ39Y8kGzBATgBFibWJKH6BhytLI/Zyszs87xCOBNyBig6vQ==}
    dependencies:
      '@aws-crypto/util': 3.0.0
      '@aws-sdk/types': 3.515.0
      tslib: 1.14.1
    dev: false

  /@aws-crypto/supports-web-crypto@3.0.0:
    resolution: {integrity: sha512-06hBdMwUAb2WFTuGG73LSC0wfPu93xWwo5vL2et9eymgmu3Id5vFAHBbajVWiGhPO37qcsdCap/FqXvJGJWPIg==}
    dependencies:
      tslib: 1.14.1
    dev: false

  /@aws-crypto/util@3.0.0:
    resolution: {integrity: sha512-2OJlpeJpCR48CC8r+uKVChzs9Iungj9wkZrl8Z041DWEWvyIHILYKCPNzJghKsivj+S3mLo6BVc7mBNzdxA46w==}
    dependencies:
      '@aws-sdk/types': 3.515.0
      '@aws-sdk/util-utf8-browser': 3.259.0
      tslib: 1.14.1
    dev: false

  /@aws-sdk/client-sns@3.515.0:
    resolution: {integrity: sha512-fJBjlmq4c62BbYptZu3711jNIB/lMM2htOOHGcwzU8VKVH0KjhxZg4Py848peMeB6s4JrQ1bq4ritoU2pS//AQ==}
    engines: {node: '>=14.0.0'}
    dependencies:
      '@aws-crypto/sha256-browser': 3.0.0
      '@aws-crypto/sha256-js': 3.0.0
      '@aws-sdk/client-sts': 3.515.0(@aws-sdk/credential-provider-node@3.515.0)
      '@aws-sdk/core': 3.513.0
      '@aws-sdk/credential-provider-node': 3.515.0
      '@aws-sdk/middleware-host-header': 3.515.0
      '@aws-sdk/middleware-logger': 3.515.0
      '@aws-sdk/middleware-recursion-detection': 3.515.0
      '@aws-sdk/middleware-user-agent': 3.515.0
      '@aws-sdk/region-config-resolver': 3.515.0
      '@aws-sdk/types': 3.515.0
      '@aws-sdk/util-endpoints': 3.515.0
      '@aws-sdk/util-user-agent-browser': 3.515.0
      '@aws-sdk/util-user-agent-node': 3.515.0
      '@smithy/config-resolver': 2.1.2
      '@smithy/core': 1.3.3
      '@smithy/fetch-http-handler': 2.4.2
      '@smithy/hash-node': 2.1.2
      '@smithy/invalid-dependency': 2.1.2
      '@smithy/middleware-content-length': 2.1.2
      '@smithy/middleware-endpoint': 2.4.2
      '@smithy/middleware-retry': 2.1.2
      '@smithy/middleware-serde': 2.1.2
      '@smithy/middleware-stack': 2.1.2
      '@smithy/node-config-provider': 2.2.2
      '@smithy/node-http-handler': 2.4.0
      '@smithy/protocol-http': 3.2.0
      '@smithy/smithy-client': 2.4.0
      '@smithy/types': 2.10.0
      '@smithy/url-parser': 2.1.2
      '@smithy/util-base64': 2.1.1
      '@smithy/util-body-length-browser': 2.1.1
      '@smithy/util-body-length-node': 2.2.1
      '@smithy/util-defaults-mode-browser': 2.1.2
      '@smithy/util-defaults-mode-node': 2.2.1
      '@smithy/util-endpoints': 1.1.2
      '@smithy/util-middleware': 2.1.2
      '@smithy/util-retry': 2.1.2
      '@smithy/util-utf8': 2.1.1
      fast-xml-parser: 4.2.5
      tslib: 2.6.2
    transitivePeerDependencies:
      - aws-crt
    dev: false

  /@aws-sdk/client-sso-oidc@3.515.0(@aws-sdk/credential-provider-node@3.515.0):
    resolution: {integrity: sha512-zACa8LNlPUdlNUBqQRf5a3MfouLNtcBfm84v2c8M976DwJrMGONPe1QjyLLsD38uESQiXiVQRruj/b000iMXNw==}
    engines: {node: '>=14.0.0'}
    peerDependencies:
      '@aws-sdk/credential-provider-node': ^3.515.0
    dependencies:
      '@aws-crypto/sha256-browser': 3.0.0
      '@aws-crypto/sha256-js': 3.0.0
      '@aws-sdk/client-sts': 3.515.0(@aws-sdk/credential-provider-node@3.515.0)
      '@aws-sdk/core': 3.513.0
      '@aws-sdk/credential-provider-node': 3.515.0
      '@aws-sdk/middleware-host-header': 3.515.0
      '@aws-sdk/middleware-logger': 3.515.0
      '@aws-sdk/middleware-recursion-detection': 3.515.0
      '@aws-sdk/middleware-user-agent': 3.515.0
      '@aws-sdk/region-config-resolver': 3.515.0
      '@aws-sdk/types': 3.515.0
      '@aws-sdk/util-endpoints': 3.515.0
      '@aws-sdk/util-user-agent-browser': 3.515.0
      '@aws-sdk/util-user-agent-node': 3.515.0
      '@smithy/config-resolver': 2.1.2
      '@smithy/core': 1.3.3
      '@smithy/fetch-http-handler': 2.4.2
      '@smithy/hash-node': 2.1.2
      '@smithy/invalid-dependency': 2.1.2
      '@smithy/middleware-content-length': 2.1.2
      '@smithy/middleware-endpoint': 2.4.2
      '@smithy/middleware-retry': 2.1.2
      '@smithy/middleware-serde': 2.1.2
      '@smithy/middleware-stack': 2.1.2
      '@smithy/node-config-provider': 2.2.2
      '@smithy/node-http-handler': 2.4.0
      '@smithy/protocol-http': 3.2.0
      '@smithy/smithy-client': 2.4.0
      '@smithy/types': 2.10.0
      '@smithy/url-parser': 2.1.2
      '@smithy/util-base64': 2.1.1
      '@smithy/util-body-length-browser': 2.1.1
      '@smithy/util-body-length-node': 2.2.1
      '@smithy/util-defaults-mode-browser': 2.1.2
      '@smithy/util-defaults-mode-node': 2.2.1
      '@smithy/util-endpoints': 1.1.2
      '@smithy/util-middleware': 2.1.2
      '@smithy/util-retry': 2.1.2
      '@smithy/util-utf8': 2.1.1
      tslib: 2.6.2
    transitivePeerDependencies:
      - aws-crt
    dev: false

  /@aws-sdk/client-sso@3.515.0:
    resolution: {integrity: sha512-4oGBLW476zmkdN98lAns3bObRNO+DLOfg4MDUSR6l6GYBV/zGAtoy2O/FhwYKgA2L5h2ZtElGopLlk/1Q0ePLw==}
    engines: {node: '>=14.0.0'}
    dependencies:
      '@aws-crypto/sha256-browser': 3.0.0
      '@aws-crypto/sha256-js': 3.0.0
      '@aws-sdk/core': 3.513.0
      '@aws-sdk/middleware-host-header': 3.515.0
      '@aws-sdk/middleware-logger': 3.515.0
      '@aws-sdk/middleware-recursion-detection': 3.515.0
      '@aws-sdk/middleware-user-agent': 3.515.0
      '@aws-sdk/region-config-resolver': 3.515.0
      '@aws-sdk/types': 3.515.0
      '@aws-sdk/util-endpoints': 3.515.0
      '@aws-sdk/util-user-agent-browser': 3.515.0
      '@aws-sdk/util-user-agent-node': 3.515.0
      '@smithy/config-resolver': 2.1.2
      '@smithy/core': 1.3.3
      '@smithy/fetch-http-handler': 2.4.2
      '@smithy/hash-node': 2.1.2
      '@smithy/invalid-dependency': 2.1.2
      '@smithy/middleware-content-length': 2.1.2
      '@smithy/middleware-endpoint': 2.4.2
      '@smithy/middleware-retry': 2.1.2
      '@smithy/middleware-serde': 2.1.2
      '@smithy/middleware-stack': 2.1.2
      '@smithy/node-config-provider': 2.2.2
      '@smithy/node-http-handler': 2.4.0
      '@smithy/protocol-http': 3.2.0
      '@smithy/smithy-client': 2.4.0
      '@smithy/types': 2.10.0
      '@smithy/url-parser': 2.1.2
      '@smithy/util-base64': 2.1.1
      '@smithy/util-body-length-browser': 2.1.1
      '@smithy/util-body-length-node': 2.2.1
      '@smithy/util-defaults-mode-browser': 2.1.2
      '@smithy/util-defaults-mode-node': 2.2.1
      '@smithy/util-endpoints': 1.1.2
      '@smithy/util-middleware': 2.1.2
      '@smithy/util-retry': 2.1.2
      '@smithy/util-utf8': 2.1.1
      tslib: 2.6.2
    transitivePeerDependencies:
      - aws-crt
    dev: false

  /@aws-sdk/client-sts@3.515.0(@aws-sdk/credential-provider-node@3.515.0):
    resolution: {integrity: sha512-ScYuvaIDgip3atOJIA1FU2n0gJkEdveu1KrrCPathoUCV5zpK8qQmO/n+Fj/7hKFxeKdFbB+4W4CsJWYH94nlg==}
    engines: {node: '>=14.0.0'}
    peerDependencies:
      '@aws-sdk/credential-provider-node': ^3.515.0
    dependencies:
      '@aws-crypto/sha256-browser': 3.0.0
      '@aws-crypto/sha256-js': 3.0.0
      '@aws-sdk/core': 3.513.0
      '@aws-sdk/credential-provider-node': 3.515.0
      '@aws-sdk/middleware-host-header': 3.515.0
      '@aws-sdk/middleware-logger': 3.515.0
      '@aws-sdk/middleware-recursion-detection': 3.515.0
      '@aws-sdk/middleware-user-agent': 3.515.0
      '@aws-sdk/region-config-resolver': 3.515.0
      '@aws-sdk/types': 3.515.0
      '@aws-sdk/util-endpoints': 3.515.0
      '@aws-sdk/util-user-agent-browser': 3.515.0
      '@aws-sdk/util-user-agent-node': 3.515.0
      '@smithy/config-resolver': 2.1.2
      '@smithy/core': 1.3.3
      '@smithy/fetch-http-handler': 2.4.2
      '@smithy/hash-node': 2.1.2
      '@smithy/invalid-dependency': 2.1.2
      '@smithy/middleware-content-length': 2.1.2
      '@smithy/middleware-endpoint': 2.4.2
      '@smithy/middleware-retry': 2.1.2
      '@smithy/middleware-serde': 2.1.2
      '@smithy/middleware-stack': 2.1.2
      '@smithy/node-config-provider': 2.2.2
      '@smithy/node-http-handler': 2.4.0
      '@smithy/protocol-http': 3.2.0
      '@smithy/smithy-client': 2.4.0
      '@smithy/types': 2.10.0
      '@smithy/url-parser': 2.1.2
      '@smithy/util-base64': 2.1.1
      '@smithy/util-body-length-browser': 2.1.1
      '@smithy/util-body-length-node': 2.2.1
      '@smithy/util-defaults-mode-browser': 2.1.2
      '@smithy/util-defaults-mode-node': 2.2.1
      '@smithy/util-endpoints': 1.1.2
      '@smithy/util-middleware': 2.1.2
      '@smithy/util-retry': 2.1.2
      '@smithy/util-utf8': 2.1.1
      fast-xml-parser: 4.2.5
      tslib: 2.6.2
    transitivePeerDependencies:
      - aws-crt
    dev: false

  /@aws-sdk/core@3.513.0:
    resolution: {integrity: sha512-L+9DL4apWuqNKVOMJ8siAuWoRM9rZf9w1iPv8S2o83WO2jVK7E/m+rNW1dFo9HsA5V1ccDl2H2qLXx24HiHmOw==}
    engines: {node: '>=14.0.0'}
    dependencies:
      '@smithy/core': 1.3.3
      '@smithy/protocol-http': 3.2.0
      '@smithy/signature-v4': 2.1.2
      '@smithy/smithy-client': 2.4.0
      '@smithy/types': 2.10.0
      tslib: 2.6.2
    dev: false

  /@aws-sdk/credential-provider-env@3.515.0:
    resolution: {integrity: sha512-45vxdyqhTAaUMERYVWOziG3K8L2TV9G4ryQS/KZ84o7NAybE9GMdoZRVmGHAO7mJJ1wQiYCM/E+i5b3NW9JfNA==}
    engines: {node: '>=14.0.0'}
    dependencies:
      '@aws-sdk/types': 3.515.0
      '@smithy/property-provider': 2.1.2
      '@smithy/types': 2.10.0
      tslib: 2.6.2
    dev: false

  /@aws-sdk/credential-provider-http@3.515.0:
    resolution: {integrity: sha512-Ba6FXK77vU4WyheiamNjEuTFmir0eAXuJGPO27lBaA8g+V/seXGHScsbOG14aQGDOr2P02OPwKGZrWWA7BFpfQ==}
    engines: {node: '>=14.0.0'}
    dependencies:
      '@aws-sdk/types': 3.515.0
      '@smithy/fetch-http-handler': 2.4.2
      '@smithy/node-http-handler': 2.4.0
      '@smithy/property-provider': 2.1.2
      '@smithy/protocol-http': 3.2.0
      '@smithy/smithy-client': 2.4.0
      '@smithy/types': 2.10.0
      '@smithy/util-stream': 2.1.2
      tslib: 2.6.2
    dev: false

  /@aws-sdk/credential-provider-ini@3.515.0(@aws-sdk/credential-provider-node@3.515.0):
    resolution: {integrity: sha512-ouDlNZdv2TKeVEA/YZk2+XklTXyAAGdbWnl4IgN9ItaodWI+lZjdIoNC8BAooVH+atIV/cZgoGTGQL7j2TxJ9A==}
    engines: {node: '>=14.0.0'}
    dependencies:
      '@aws-sdk/client-sts': 3.515.0(@aws-sdk/credential-provider-node@3.515.0)
      '@aws-sdk/credential-provider-env': 3.515.0
      '@aws-sdk/credential-provider-process': 3.515.0
      '@aws-sdk/credential-provider-sso': 3.515.0(@aws-sdk/credential-provider-node@3.515.0)
      '@aws-sdk/credential-provider-web-identity': 3.515.0(@aws-sdk/credential-provider-node@3.515.0)
      '@aws-sdk/types': 3.515.0
      '@smithy/credential-provider-imds': 2.2.2
      '@smithy/property-provider': 2.1.2
      '@smithy/shared-ini-file-loader': 2.3.2
      '@smithy/types': 2.10.0
      tslib: 2.6.2
    transitivePeerDependencies:
      - '@aws-sdk/credential-provider-node'
      - aws-crt
    dev: false

  /@aws-sdk/credential-provider-node@3.515.0:
    resolution: {integrity: sha512-Y4kHSpbxksiCZZNcvsiKUd8Fb2XlyUuONEwqWFNL82ZH6TCCjBGS31wJQCSxBHqYcOL3tiORUEJkoO7uS30uQA==}
    engines: {node: '>=14.0.0'}
    dependencies:
      '@aws-sdk/credential-provider-env': 3.515.0
      '@aws-sdk/credential-provider-http': 3.515.0
      '@aws-sdk/credential-provider-ini': 3.515.0(@aws-sdk/credential-provider-node@3.515.0)
      '@aws-sdk/credential-provider-process': 3.515.0
      '@aws-sdk/credential-provider-sso': 3.515.0(@aws-sdk/credential-provider-node@3.515.0)
      '@aws-sdk/credential-provider-web-identity': 3.515.0(@aws-sdk/credential-provider-node@3.515.0)
      '@aws-sdk/types': 3.515.0
      '@smithy/credential-provider-imds': 2.2.2
      '@smithy/property-provider': 2.1.2
      '@smithy/shared-ini-file-loader': 2.3.2
      '@smithy/types': 2.10.0
      tslib: 2.6.2
    transitivePeerDependencies:
      - aws-crt
    dev: false

  /@aws-sdk/credential-provider-process@3.515.0:
    resolution: {integrity: sha512-pSjiOA2FM63LHRKNDvEpBRp80FVGT0Mw/gzgbqFXP+sewk0WVonYbEcMDTJptH3VsLPGzqH/DQ1YL/aEIBuXFQ==}
    engines: {node: '>=14.0.0'}
    dependencies:
      '@aws-sdk/types': 3.515.0
      '@smithy/property-provider': 2.1.2
      '@smithy/shared-ini-file-loader': 2.3.2
      '@smithy/types': 2.10.0
      tslib: 2.6.2
    dev: false

  /@aws-sdk/credential-provider-sso@3.515.0(@aws-sdk/credential-provider-node@3.515.0):
    resolution: {integrity: sha512-j7vUkiSmuhpBvZYoPTRTI4ePnQbiZMFl6TNhg9b9DprC1zHkucsZnhRhqjOVlrw/H6J4jmcPGcHHTZ5WQNI5xQ==}
    engines: {node: '>=14.0.0'}
    dependencies:
      '@aws-sdk/client-sso': 3.515.0
      '@aws-sdk/token-providers': 3.515.0(@aws-sdk/credential-provider-node@3.515.0)
      '@aws-sdk/types': 3.515.0
      '@smithy/property-provider': 2.1.2
      '@smithy/shared-ini-file-loader': 2.3.2
      '@smithy/types': 2.10.0
      tslib: 2.6.2
    transitivePeerDependencies:
      - '@aws-sdk/credential-provider-node'
      - aws-crt
    dev: false

  /@aws-sdk/credential-provider-web-identity@3.515.0(@aws-sdk/credential-provider-node@3.515.0):
    resolution: {integrity: sha512-66+2g4z3fWwdoGReY8aUHvm6JrKZMTRxjuizljVmMyOBttKPeBYXvUTop/g3ZGUx1f8j+C5qsGK52viYBvtjuQ==}
    engines: {node: '>=14.0.0'}
    dependencies:
      '@aws-sdk/client-sts': 3.515.0(@aws-sdk/credential-provider-node@3.515.0)
      '@aws-sdk/types': 3.515.0
      '@smithy/property-provider': 2.1.2
      '@smithy/types': 2.10.0
      tslib: 2.6.2
    transitivePeerDependencies:
      - '@aws-sdk/credential-provider-node'
      - aws-crt
    dev: false

  /@aws-sdk/middleware-host-header@3.515.0:
    resolution: {integrity: sha512-I1MwWPzdRKM1luvdDdjdGsDjNVPhj9zaIytEchjTY40NcKOg+p2evLD2y69ozzg8pyXK63r8DdvDGOo9QPuh0A==}
    engines: {node: '>=14.0.0'}
    dependencies:
      '@aws-sdk/types': 3.515.0
      '@smithy/protocol-http': 3.2.0
      '@smithy/types': 2.10.0
      tslib: 2.6.2
    dev: false

  /@aws-sdk/middleware-logger@3.515.0:
    resolution: {integrity: sha512-qXomJzg2m/5seQOxHi/yOXOKfSjwrrJSmEmfwJKJyQgdMbBcjz3Cz0H/1LyC6c5hHm6a/SZgSTzDAbAoUmyL+Q==}
    engines: {node: '>=14.0.0'}
    dependencies:
      '@aws-sdk/types': 3.515.0
      '@smithy/types': 2.10.0
      tslib: 2.6.2
    dev: false

  /@aws-sdk/middleware-recursion-detection@3.515.0:
    resolution: {integrity: sha512-dokHLbTV3IHRIBrw9mGoxcNTnQsjlm7TpkJhPdGT9T4Mq399EyQo51u6IsVMm07RXLl2Zw7u+u9p+qWBFzmFRA==}
    engines: {node: '>=14.0.0'}
    dependencies:
      '@aws-sdk/types': 3.515.0
      '@smithy/protocol-http': 3.2.0
      '@smithy/types': 2.10.0
      tslib: 2.6.2
    dev: false

  /@aws-sdk/middleware-user-agent@3.515.0:
    resolution: {integrity: sha512-nOqZjGA/GkjuJ5fUshec9Fv6HFd7ovOTxMJbw3MfAhqXuVZ6dKF41lpVJ4imNsgyFt3shUg9WDY8zGFjlYMB3g==}
    engines: {node: '>=14.0.0'}
    dependencies:
      '@aws-sdk/types': 3.515.0
      '@aws-sdk/util-endpoints': 3.515.0
      '@smithy/protocol-http': 3.2.0
      '@smithy/types': 2.10.0
      tslib: 2.6.2
    dev: false

  /@aws-sdk/region-config-resolver@3.515.0:
    resolution: {integrity: sha512-RIRx9loxMgEAc/r1wPfnfShOuzn4RBi8pPPv6/jhhITEeMnJe6enAh2k5y9DdiVDDgCWZgVFSv0YkAIfzAFsnQ==}
    engines: {node: '>=14.0.0'}
    dependencies:
      '@aws-sdk/types': 3.515.0
      '@smithy/node-config-provider': 2.2.2
      '@smithy/types': 2.10.0
      '@smithy/util-config-provider': 2.2.1
      '@smithy/util-middleware': 2.1.2
      tslib: 2.6.2
    dev: false

  /@aws-sdk/token-providers@3.515.0(@aws-sdk/credential-provider-node@3.515.0):
    resolution: {integrity: sha512-MQuf04rIcTXqwDzmyHSpFPF1fKEzRl64oXtCRUF3ddxTdK6wxXkePfK6wNCuL+GEbEcJAoCtIGIRpzGPJvQjHA==}
    engines: {node: '>=14.0.0'}
    dependencies:
      '@aws-sdk/client-sso-oidc': 3.515.0(@aws-sdk/credential-provider-node@3.515.0)
      '@aws-sdk/types': 3.515.0
      '@smithy/property-provider': 2.1.2
      '@smithy/shared-ini-file-loader': 2.3.2
      '@smithy/types': 2.10.0
      tslib: 2.6.2
    transitivePeerDependencies:
      - '@aws-sdk/credential-provider-node'
      - aws-crt
    dev: false

  /@aws-sdk/types@3.515.0:
    resolution: {integrity: sha512-B3gUpiMlpT6ERaLvZZ61D0RyrQPsFYDkCncLPVkZOKkCOoFU46zi1o6T5JcYiz8vkx1q9RGloQ5exh79s5pU/w==}
    engines: {node: '>=14.0.0'}
    dependencies:
      '@smithy/types': 2.10.0
      tslib: 2.6.2
    dev: false

  /@aws-sdk/util-endpoints@3.515.0:
    resolution: {integrity: sha512-UJi+jdwcGFV/F7d3+e2aQn5yZOVpDiAgfgNhPnEtgV0WozJ5/ZUeZBgWvSc/K415N4A4D/9cbBc7+I+35qzcDQ==}
    engines: {node: '>=14.0.0'}
    dependencies:
      '@aws-sdk/types': 3.515.0
      '@smithy/types': 2.10.0
      '@smithy/util-endpoints': 1.1.2
      tslib: 2.6.2
    dev: false

  /@aws-sdk/util-locate-window@3.495.0:
    resolution: {integrity: sha512-MfaPXT0kLX2tQaR90saBT9fWQq2DHqSSJRzW+MZWsmF+y5LGCOhO22ac/2o6TKSQm7h0HRc2GaADqYYYor62yg==}
    engines: {node: '>=14.0.0'}
    dependencies:
      tslib: 2.6.2
    dev: false

  /@aws-sdk/util-user-agent-browser@3.515.0:
    resolution: {integrity: sha512-pTWQb0JCafTmLHLDv3Qqs/nAAJghcPdGQIBpsCStb0YEzg3At/dOi2AIQ683yYnXmeOxLXJDzmlsovfVObJScw==}
    dependencies:
      '@aws-sdk/types': 3.515.0
      '@smithy/types': 2.10.0
      bowser: 2.11.0
      tslib: 2.6.2
    dev: false

  /@aws-sdk/util-user-agent-node@3.515.0:
    resolution: {integrity: sha512-A/KJ+/HTohHyVXLH+t/bO0Z2mPrQgELbQO8tX+B2nElo8uklj70r5cT7F8ETsI9oOy+HDVpiL5/v45ZgpUOiPg==}
    engines: {node: '>=14.0.0'}
    peerDependencies:
      aws-crt: '>=1.0.0'
    peerDependenciesMeta:
      aws-crt:
        optional: true
    dependencies:
      '@aws-sdk/types': 3.515.0
      '@smithy/node-config-provider': 2.2.2
      '@smithy/types': 2.10.0
      tslib: 2.6.2
    dev: false

  /@aws-sdk/util-utf8-browser@3.259.0:
    resolution: {integrity: sha512-UvFa/vR+e19XookZF8RzFZBrw2EUkQWxiBW0yYQAhvk3C+QVGl0H3ouca8LDBlBfQKXwmW3huo/59H8rwb1wJw==}
    dependencies:
      tslib: 2.6.2
    dev: false

  /@smithy/abort-controller@2.1.2:
    resolution: {integrity: sha512-iwUxrFm/ZFCXhzhtZ6JnoJzAsqUrVfBAZUTQj8ypXGtIjwXZpKqmgYiuqrDERiydDI5gesqvsC4Rqe57GGhbVg==}
    engines: {node: '>=14.0.0'}
    dependencies:
      '@smithy/types': 2.10.0
      tslib: 2.6.2
    dev: false

  /@smithy/config-resolver@2.1.2:
    resolution: {integrity: sha512-ZDMY63xJVsJl7ei/yIMv9nx8OiEOulwNnQOUDGpIvzoBrcbvYwiMjIMe5mP5J4fUmttKkpiTKwta/7IUriAn9w==}
    engines: {node: '>=14.0.0'}
    dependencies:
      '@smithy/node-config-provider': 2.2.2
      '@smithy/types': 2.10.0
      '@smithy/util-config-provider': 2.2.1
      '@smithy/util-middleware': 2.1.2
      tslib: 2.6.2
    dev: false

  /@smithy/core@1.3.3:
    resolution: {integrity: sha512-8cT/swERvU1EUMuJF914+psSeVy4+NcNhbRe1WEKN1yIMPE5+Tq5EaPq1HWjKCodcdBIyU9ViTjd62XnebXMHA==}
    engines: {node: '>=14.0.0'}
    dependencies:
      '@smithy/middleware-endpoint': 2.4.2
      '@smithy/middleware-retry': 2.1.2
      '@smithy/middleware-serde': 2.1.2
      '@smithy/protocol-http': 3.2.0
      '@smithy/smithy-client': 2.4.0
      '@smithy/types': 2.10.0
      '@smithy/util-middleware': 2.1.2
      tslib: 2.6.2
    dev: false

  /@smithy/credential-provider-imds@2.2.2:
    resolution: {integrity: sha512-a2xpqWzhzcYwImGbFox5qJLf6i5HKdVeOVj7d6kVFElmbS2QW2T4HmefRc5z1huVArk9bh5Rk1NiFp9YBCXU3g==}
    engines: {node: '>=14.0.0'}
    dependencies:
      '@smithy/node-config-provider': 2.2.2
      '@smithy/property-provider': 2.1.2
      '@smithy/types': 2.10.0
      '@smithy/url-parser': 2.1.2
      tslib: 2.6.2
    dev: false

  /@smithy/eventstream-codec@2.1.2:
    resolution: {integrity: sha512-2PHrVRixITHSOj3bxfZmY93apGf8/DFiyhRh9W0ukfi07cvlhlRonZ0fjgcqryJjUZ5vYHqqmfIE/Qe1HM9mlw==}
    dependencies:
      '@aws-crypto/crc32': 3.0.0
      '@smithy/types': 2.10.0
      '@smithy/util-hex-encoding': 2.1.1
      tslib: 2.6.2
    dev: false

  /@smithy/fetch-http-handler@2.4.2:
    resolution: {integrity: sha512-sIGMVwa/8h6eqNjarI3F07gvML3mMXcqBe+BINNLuKsVKXMNBN6wRzeZbbx7lfiJDEHAP28qRns8flHEoBB7zw==}
    dependencies:
      '@smithy/protocol-http': 3.2.0
      '@smithy/querystring-builder': 2.1.2
      '@smithy/types': 2.10.0
      '@smithy/util-base64': 2.1.1
      tslib: 2.6.2
    dev: false

  /@smithy/hash-node@2.1.2:
    resolution: {integrity: sha512-3Sgn4s0g4xud1M/j6hQwYCkz04lVJ24wvCAx4xI26frr3Ao6v0o2VZkBpUySTeQbMUBp2DhuzJ0fV1zybzkckw==}
    engines: {node: '>=14.0.0'}
    dependencies:
      '@smithy/types': 2.10.0
      '@smithy/util-buffer-from': 2.1.1
      '@smithy/util-utf8': 2.1.1
      tslib: 2.6.2
    dev: false

  /@smithy/invalid-dependency@2.1.2:
    resolution: {integrity: sha512-qdgKhkFYxDJnKecx2ANwz3JRkXjm0qDgEnAs5BIfb2z/XqA2l7s9BTH7GTC/RR4E8h6EDCeb5rM2rnARxviqIg==}
    dependencies:
      '@smithy/types': 2.10.0
      tslib: 2.6.2
    dev: false

  /@smithy/is-array-buffer@2.1.1:
    resolution: {integrity: sha512-xozSQrcUinPpNPNPds4S7z/FakDTh1MZWtRP/2vQtYB/u3HYrX2UXuZs+VhaKBd6Vc7g2XPr2ZtwGBNDN6fNKQ==}
    engines: {node: '>=14.0.0'}
    dependencies:
      tslib: 2.6.2
    dev: false

  /@smithy/middleware-content-length@2.1.2:
    resolution: {integrity: sha512-XEWtul1tHP31EtUIobEyN499paUIbnCTRtjY+ciDCEXW81lZmpjrDG3aL0FxJDPnvatVQuMV1V5eg6MCqTFaLQ==}
    engines: {node: '>=14.0.0'}
    dependencies:
      '@smithy/protocol-http': 3.2.0
      '@smithy/types': 2.10.0
      tslib: 2.6.2
    dev: false

  /@smithy/middleware-endpoint@2.4.2:
    resolution: {integrity: sha512-72qbmVwaWcLOd/OT52fszrrlXywPwciwpsRiIk/dIvpcwkpGE9qrYZ2bt/SYcA/ma8Rz9Ni2AbBuSXLDYISS+A==}
    engines: {node: '>=14.0.0'}
    dependencies:
      '@smithy/middleware-serde': 2.1.2
      '@smithy/node-config-provider': 2.2.2
      '@smithy/shared-ini-file-loader': 2.3.2
      '@smithy/types': 2.10.0
      '@smithy/url-parser': 2.1.2
      '@smithy/util-middleware': 2.1.2
      tslib: 2.6.2
    dev: false

  /@smithy/middleware-retry@2.1.2:
    resolution: {integrity: sha512-tlvSK+v9bPHHb0dLWvEaFW2Iz0IeA57ISvSaso36I33u8F8wYqo5FCvenH7TgMVBx57jyJBXOmYCZa9n5gdJIg==}
    engines: {node: '>=14.0.0'}
    dependencies:
      '@smithy/node-config-provider': 2.2.2
      '@smithy/protocol-http': 3.2.0
      '@smithy/service-error-classification': 2.1.2
      '@smithy/smithy-client': 2.4.0
      '@smithy/types': 2.10.0
      '@smithy/util-middleware': 2.1.2
      '@smithy/util-retry': 2.1.2
      tslib: 2.6.2
      uuid: 8.3.2
    dev: false

  /@smithy/middleware-serde@2.1.2:
    resolution: {integrity: sha512-XNU6aVIhlSbjuo2XsfZ7rd4HhjTXDlNWxAmhlBfViTW1TNK02CeWdeEntp5XtQKYD//pyTIbYi35EQvIidAkOw==}
    engines: {node: '>=14.0.0'}
    dependencies:
      '@smithy/types': 2.10.0
      tslib: 2.6.2
    dev: false

  /@smithy/middleware-stack@2.1.2:
    resolution: {integrity: sha512-EPGaHGd4XmZcaRYjbhyqiqN/Q/ESxXu5e5TK24CTZUe99y8/XCxmiX8VLMM4H0DI7K3yfElR0wPAAvceoSkTgw==}
    engines: {node: '>=14.0.0'}
    dependencies:
      '@smithy/types': 2.10.0
      tslib: 2.6.2
    dev: false

  /@smithy/node-config-provider@2.2.2:
    resolution: {integrity: sha512-QXvpqHSijAm13ZsVkUo92b085UzDvYP1LblWTb3uWi9WilhDvYnVyPLXaryLhOWZ2YvdhK2170T3ZBqtg+quIQ==}
    engines: {node: '>=14.0.0'}
    dependencies:
      '@smithy/property-provider': 2.1.2
      '@smithy/shared-ini-file-loader': 2.3.2
      '@smithy/types': 2.10.0
      tslib: 2.6.2
    dev: false

  /@smithy/node-http-handler@2.4.0:
    resolution: {integrity: sha512-Mf2f7MMy31W8LisJ9O+7J5cKiNwBwBBLU6biQ7/sFSFdhuOxPN7hOPoZ8vlaFjvrpfOUJw9YOpjGyNTKuvomOQ==}
    engines: {node: '>=14.0.0'}
    dependencies:
      '@smithy/abort-controller': 2.1.2
      '@smithy/protocol-http': 3.2.0
      '@smithy/querystring-builder': 2.1.2
      '@smithy/types': 2.10.0
      tslib: 2.6.2
    dev: false

  /@smithy/property-provider@2.1.2:
    resolution: {integrity: sha512-yaXCVFKzxbSXqOoyA7AdAgXhwdjiLeui7n2P6XLjBCz/GZFdLUJgSY6KL1PevaxT4REMwUSs/bSHAe/0jdzEHw==}
    engines: {node: '>=14.0.0'}
    dependencies:
      '@smithy/types': 2.10.0
      tslib: 2.6.2
    dev: false

  /@smithy/protocol-http@3.2.0:
    resolution: {integrity: sha512-VRp0YITYIQum+rX4zeZ3cW1wl9r90IQzQN+VLS1NxdSMt6NLsJiJqR9czTxlaeWNrLHsFAETmjmdrS48Ug1liA==}
    engines: {node: '>=14.0.0'}
    dependencies:
      '@smithy/types': 2.10.0
      tslib: 2.6.2
    dev: false

  /@smithy/querystring-builder@2.1.2:
    resolution: {integrity: sha512-wk6QpuvBBLJF5w8aADsZOtxaHY9cF5MZe1Ry3hSqqBxARdUrMoXi/jukUz5W0ftXGlbA398IN8dIIUj3WXqJXg==}
    engines: {node: '>=14.0.0'}
    dependencies:
      '@smithy/types': 2.10.0
      '@smithy/util-uri-escape': 2.1.1
      tslib: 2.6.2
    dev: false

  /@smithy/querystring-parser@2.1.2:
    resolution: {integrity: sha512-z1yL5Iiagm/UxVy1tcuTFZdfOBK/QtYeK6wfClAJ7cOY7kIaYR6jn1cVXXJmhAQSh1b2ljP4xiZN4Ybj7Tbs5w==}
    engines: {node: '>=14.0.0'}
    dependencies:
      '@smithy/types': 2.10.0
      tslib: 2.6.2
    dev: false

  /@smithy/service-error-classification@2.1.2:
    resolution: {integrity: sha512-R+gL1pAPuWkH6unFridk57wDH5PFY2IlVg2NUjSAjoaIaU+sxqKf/7AOWIcx9Bdn+xY0/4IRQ69urlC+F3I9gg==}
    engines: {node: '>=14.0.0'}
    dependencies:
      '@smithy/types': 2.10.0
    dev: false

  /@smithy/shared-ini-file-loader@2.3.2:
    resolution: {integrity: sha512-idHGDJB+gBh+aaIjmWj6agmtNWftoyAenErky74hAtKyUaCvfocSBgEJ2pQ6o68svBluvGIj4NGFgJu0198mow==}
    engines: {node: '>=14.0.0'}
    dependencies:
      '@smithy/types': 2.10.0
      tslib: 2.6.2
    dev: false

  /@smithy/signature-v4@2.1.2:
    resolution: {integrity: sha512-DdPWaNGIbxzyocR3ncH8xlxQgsqteRADEdCPoivgBzwv17UzKy2obtdi2vwNc5lAJ955bGEkkWef9O7kc1Eocg==}
    engines: {node: '>=14.0.0'}
    dependencies:
      '@smithy/eventstream-codec': 2.1.2
      '@smithy/is-array-buffer': 2.1.1
      '@smithy/types': 2.10.0
      '@smithy/util-hex-encoding': 2.1.1
      '@smithy/util-middleware': 2.1.2
      '@smithy/util-uri-escape': 2.1.1
      '@smithy/util-utf8': 2.1.1
      tslib: 2.6.2
    dev: false

  /@smithy/smithy-client@2.4.0:
    resolution: {integrity: sha512-6/jxk0om9l2s9BcgHtrBn+Hd3xcFGDzxfEJ2FvGpZxIz0S7bgvZg1gyR66O1xf1w9WZBH+W7JClhfSn2gETINw==}
    engines: {node: '>=14.0.0'}
    dependencies:
      '@smithy/middleware-endpoint': 2.4.2
      '@smithy/middleware-stack': 2.1.2
      '@smithy/protocol-http': 3.2.0
      '@smithy/types': 2.10.0
      '@smithy/util-stream': 2.1.2
      tslib: 2.6.2
    dev: false

  /@smithy/types@2.10.0:
    resolution: {integrity: sha512-QYXQmpIebS8/jYXgyJjCanKZbI4Rr8tBVGBAIdDhA35f025TVjJNW69FJ0TGiDqt+lIGo037YIswq2t2Y1AYZQ==}
    engines: {node: '>=14.0.0'}
    dependencies:
      tslib: 2.6.2
    dev: false

  /@smithy/url-parser@2.1.2:
    resolution: {integrity: sha512-KBPi740ciTujUaY+RfQuPABD0QFmgSBN5qNVDCGTryfsbG4jkwC0YnElSzi72m24HegMyxzZDLG4Oh4/97mw2g==}
    dependencies:
      '@smithy/querystring-parser': 2.1.2
      '@smithy/types': 2.10.0
      tslib: 2.6.2
    dev: false

  /@smithy/util-base64@2.1.1:
    resolution: {integrity: sha512-UfHVpY7qfF/MrgndI5PexSKVTxSZIdz9InghTFa49QOvuu9I52zLPLUHXvHpNuMb1iD2vmc6R+zbv/bdMipR/g==}
    engines: {node: '>=14.0.0'}
    dependencies:
      '@smithy/util-buffer-from': 2.1.1
      tslib: 2.6.2
    dev: false

  /@smithy/util-body-length-browser@2.1.1:
    resolution: {integrity: sha512-ekOGBLvs1VS2d1zM2ER4JEeBWAvIOUKeaFch29UjjJsxmZ/f0L3K3x0dEETgh3Q9bkZNHgT+rkdl/J/VUqSRag==}
    dependencies:
      tslib: 2.6.2
    dev: false

  /@smithy/util-body-length-node@2.2.1:
    resolution: {integrity: sha512-/ggJG+ta3IDtpNVq4ktmEUtOkH1LW64RHB5B0hcr5ZaWBmo96UX2cIOVbjCqqDickTXqBWZ4ZO0APuaPrD7Abg==}
    engines: {node: '>=14.0.0'}
    dependencies:
      tslib: 2.6.2
    dev: false

  /@smithy/util-buffer-from@2.1.1:
    resolution: {integrity: sha512-clhNjbyfqIv9Md2Mg6FffGVrJxw7bgK7s3Iax36xnfVj6cg0fUG7I4RH0XgXJF8bxi+saY5HR21g2UPKSxVCXg==}
    engines: {node: '>=14.0.0'}
    dependencies:
      '@smithy/is-array-buffer': 2.1.1
      tslib: 2.6.2
    dev: false

  /@smithy/util-config-provider@2.2.1:
    resolution: {integrity: sha512-50VL/tx9oYYcjJn/qKqNy7sCtpD0+s8XEBamIFo4mFFTclKMNp+rsnymD796uybjiIquB7VCB/DeafduL0y2kw==}
    engines: {node: '>=14.0.0'}
    dependencies:
      tslib: 2.6.2
    dev: false

  /@smithy/util-defaults-mode-browser@2.1.2:
    resolution: {integrity: sha512-YmojdmsE7VbvFGJ/8btn/5etLm1HOQkgVX6nMWlB0yBL/Vb//s3aTebUJ66zj2+LNrBS3B9S+18+LQU72Yj0AQ==}
    engines: {node: '>= 10.0.0'}
    dependencies:
      '@smithy/property-provider': 2.1.2
      '@smithy/smithy-client': 2.4.0
      '@smithy/types': 2.10.0
      bowser: 2.11.0
      tslib: 2.6.2
    dev: false

  /@smithy/util-defaults-mode-node@2.2.1:
    resolution: {integrity: sha512-kof7M9Q2qP5yaQn8hHJL3KwozyvIfLe+ys7feifSul6gBAAeoraibo/MWqotb/I0fVLMlCMDwn7WXFsGUwnsew==}
    engines: {node: '>= 10.0.0'}
    dependencies:
      '@smithy/config-resolver': 2.1.2
      '@smithy/credential-provider-imds': 2.2.2
      '@smithy/node-config-provider': 2.2.2
      '@smithy/property-provider': 2.1.2
      '@smithy/smithy-client': 2.4.0
      '@smithy/types': 2.10.0
      tslib: 2.6.2
    dev: false

  /@smithy/util-endpoints@1.1.2:
    resolution: {integrity: sha512-2/REfdcJ20y9iF+9kSBRBsaoGzjT5dZ3E6/TA45GHJuJAb/vZTj76VLTcrl2iN3fWXiDK1B8RxchaLGbr7RxxA==}
    engines: {node: '>= 14.0.0'}
    dependencies:
      '@smithy/node-config-provider': 2.2.2
      '@smithy/types': 2.10.0
      tslib: 2.6.2
    dev: false

  /@smithy/util-hex-encoding@2.1.1:
    resolution: {integrity: sha512-3UNdP2pkYUUBGEXzQI9ODTDK+Tcu1BlCyDBaRHwyxhA+8xLP8agEKQq4MGmpjqb4VQAjq9TwlCQX0kP6XDKYLg==}
    engines: {node: '>=14.0.0'}
    dependencies:
      tslib: 2.6.2
    dev: false

  /@smithy/util-middleware@2.1.2:
    resolution: {integrity: sha512-lvSOnwQ7iAajtWb1nAyy0CkOIn8d+jGykQOtt2NXDsPzOTfejZM/Uph+O/TmVgWoXdcGuw5peUMG2f5xEIl6UQ==}
    engines: {node: '>=14.0.0'}
    dependencies:
      '@smithy/types': 2.10.0
      tslib: 2.6.2
    dev: false

  /@smithy/util-retry@2.1.2:
    resolution: {integrity: sha512-pqifOgRqwLfRu+ks3awEKKqPeYxrHLwo4Yu2EarGzeoarTd1LVEyyf5qLE6M7IiCsxnXRhn9FoWIdZOC+oC/VQ==}
    engines: {node: '>= 14.0.0'}
    dependencies:
      '@smithy/service-error-classification': 2.1.2
      '@smithy/types': 2.10.0
      tslib: 2.6.2
    dev: false

  /@smithy/util-stream@2.1.2:
    resolution: {integrity: sha512-AbGjvoSok7YeUKv9WRVRSChQfsufLR54YCAabTbaABRdIucywRQs29em0uAP6r4RLj+4aFZStWGYpFgT0P8UlQ==}
    engines: {node: '>=14.0.0'}
    dependencies:
      '@smithy/fetch-http-handler': 2.4.2
      '@smithy/node-http-handler': 2.4.0
      '@smithy/types': 2.10.0
      '@smithy/util-base64': 2.1.1
      '@smithy/util-buffer-from': 2.1.1
      '@smithy/util-hex-encoding': 2.1.1
      '@smithy/util-utf8': 2.1.1
      tslib: 2.6.2
    dev: false

  /@smithy/util-uri-escape@2.1.1:
    resolution: {integrity: sha512-saVzI1h6iRBUVSqtnlOnc9ssU09ypo7n+shdQ8hBTZno/9rZ3AuRYvoHInV57VF7Qn7B+pFJG7qTzFiHxWlWBw==}
    engines: {node: '>=14.0.0'}
    dependencies:
      tslib: 2.6.2
    dev: false

  /@smithy/util-utf8@2.1.1:
    resolution: {integrity: sha512-BqTpzYEcUMDwAKr7/mVRUtHDhs6ZoXDi9NypMvMfOr/+u1NW7JgqodPDECiiLboEm6bobcPcECxzjtQh865e9A==}
    engines: {node: '>=14.0.0'}
    dependencies:
      '@smithy/util-buffer-from': 2.1.1
      tslib: 2.6.2
    dev: false

  /bowser@2.11.0:
    resolution: {integrity: sha512-AlcaJBi/pqqJBIQ8U9Mcpc9i8Aqxn88Skv5d+xBX006BY5u8N3mGLHa5Lgppa7L/HfwgwLgZ6NYs+Ag6uUmJRA==}
    dev: false

  /fast-xml-parser@4.2.5:
    resolution: {integrity: sha512-B9/wizE4WngqQftFPmdaMYlXoJlJOYxGQOanC77fq9k8+Z0v5dDSVh+3glErdIROP//s/jgb7ZuxKfB8nVyo0g==}
    hasBin: true
    dependencies:
      strnum: 1.0.5
    dev: false

  /sst@3.0.1-7:
    resolution: {integrity: sha512-MWEGbcpsrzQAXnN0HzS3zeDmm4afDNPgnZfsh6nC4Hp8Kp5k1V5LiBSHgOy15Ro490jKV6/WY39kUR2BEdrQWg==}
    dev: true

  /strnum@1.0.5:
    resolution: {integrity: sha512-J8bbNyKKXl5qYcR36TIO8W3mVGVHrmmxsd5PAItGkmyzwJvybiw2IVq5nqd0i4LSNSkB/sx9VHllbfFdr9k1JA==}
    dev: false

  /tslib@1.14.1:
    resolution: {integrity: sha512-Xni35NKzjgMrwevysHTCArtLDpPvye8zV/0E4EyYn43P7/7qvQwPh9BGkHewbMulVntbigmcT7rdX3BNo9wRJg==}
    dev: false

  /tslib@2.6.2:
    resolution: {integrity: sha512-AEYxH93jGFPn/a2iVAwW87VuUIkR1FVUKB77NwMF7nBTDkDrrT/Hpt/IrCJ0QXhW27jTBDcf5ZY7w6RiqTMw2Q==}
    dev: false

  /uuid@8.3.2:
    resolution: {integrity: sha512-+NYs2QeMWy+GWFOEm9xnn6HCDp0l7QBD7ml8zLUmJ+93Q5NF0NocErnwkTkXVFNiX3/fpC6afS8Dhb/gz7R7eg==}
    hasBin: true
    dev: false
