lockfileVersion: '6.0'

settings:
  autoInstallPeers: true
  excludeLinksFromLockfile: false

dependencies:
  sst:
    specifier: 3.0.13
    version: 3.0.13

packages:

  /@aws-crypto/crc32@3.0.0:
    resolution: {integrity: sha512-IzSgsrxUcsrejQbPVilIKy16kAT52EwB6zSaI+M3xxIhKh5+aldEyvI+z6erM7TCLB2BJsFrtHjp6/4/sr+3dA==}
    dependencies:
      '@aws-crypto/util': 3.0.0
      '@aws-sdk/types': 3.468.0
      tslib: 1.14.1
    dev: false

  /@aws-crypto/ie11-detection@3.0.0:
    resolution: {integrity: sha512-341lBBkiY1DfDNKai/wXM3aujNBkXR7tq1URPQDL9wi3AUbI80NR74uF1TXHMm7po1AcnFk8iu2S2IeU/+/A+Q==}
    dependencies:
      tslib: 1.14.1
    dev: false

  /@aws-crypto/sha256-browser@3.0.0:
    resolution: {integrity: sha512-8VLmW2B+gjFbU5uMeqtQM6Nj0/F1bro80xQXCW6CQBWgosFWXTx77aeOF5CAIAmbOK64SdMBJdNr6J41yP5mvQ==}
    dependencies:
      '@aws-crypto/ie11-detection': 3.0.0
      '@aws-crypto/sha256-js': 3.0.0
      '@aws-crypto/supports-web-crypto': 3.0.0
      '@aws-crypto/util': 3.0.0
      '@aws-sdk/types': 3.468.0
      '@aws-sdk/util-locate-window': 3.535.0
      '@aws-sdk/util-utf8-browser': 3.259.0
      tslib: 1.14.1
    dev: false

  /@aws-crypto/sha256-js@3.0.0:
    resolution: {integrity: sha512-PnNN7os0+yd1XvXAy23CFOmTbMaDxgxXtTKHybrJ39Y8kGzBATgBFibWJKH6BhytLI/Zyszs87xCOBNyBig6vQ==}
    dependencies:
      '@aws-crypto/util': 3.0.0
      '@aws-sdk/types': 3.468.0
      tslib: 1.14.1
    dev: false

  /@aws-crypto/supports-web-crypto@3.0.0:
    resolution: {integrity: sha512-06hBdMwUAb2WFTuGG73LSC0wfPu93xWwo5vL2et9eymgmu3Id5vFAHBbajVWiGhPO37qcsdCap/FqXvJGJWPIg==}
    dependencies:
      tslib: 1.14.1
    dev: false

  /@aws-crypto/util@3.0.0:
    resolution: {integrity: sha512-2OJlpeJpCR48CC8r+uKVChzs9Iungj9wkZrl8Z041DWEWvyIHILYKCPNzJghKsivj+S3mLo6BVc7mBNzdxA46w==}
    dependencies:
      '@aws-sdk/types': 3.468.0
      '@aws-sdk/util-utf8-browser': 3.259.0
      tslib: 1.14.1
    dev: false

  /@aws-sdk/client-lambda@3.478.0:
    resolution: {integrity: sha512-7+PEE1aV3qVeuswL6cUBfHeljxC/WaXFj+214/W3q71uRdLbX5Z7ZOD15sJbjSu+4VZN9ugMaxEcp+oLiqWl+A==}
    engines: {node: '>=14.0.0'}
    dependencies:
      '@aws-crypto/sha256-browser': 3.0.0
      '@aws-crypto/sha256-js': 3.0.0
      '@aws-sdk/client-sts': 3.478.0
      '@aws-sdk/core': 3.477.0
      '@aws-sdk/credential-provider-node': 3.478.0
      '@aws-sdk/middleware-host-header': 3.468.0
      '@aws-sdk/middleware-logger': 3.468.0
      '@aws-sdk/middleware-recursion-detection': 3.468.0
      '@aws-sdk/middleware-signing': 3.468.0
      '@aws-sdk/middleware-user-agent': 3.478.0
      '@aws-sdk/region-config-resolver': 3.470.0
      '@aws-sdk/types': 3.468.0
      '@aws-sdk/util-endpoints': 3.478.0
      '@aws-sdk/util-user-agent-browser': 3.468.0
      '@aws-sdk/util-user-agent-node': 3.470.0
      '@smithy/config-resolver': 2.2.0
      '@smithy/core': 1.4.2
      '@smithy/eventstream-serde-browser': 2.2.0
      '@smithy/eventstream-serde-config-resolver': 2.2.0
      '@smithy/eventstream-serde-node': 2.2.0
      '@smithy/fetch-http-handler': 2.5.0
      '@smithy/hash-node': 2.2.0
      '@smithy/invalid-dependency': 2.2.0
      '@smithy/middleware-content-length': 2.2.0
      '@smithy/middleware-endpoint': 2.5.1
      '@smithy/middleware-retry': 2.3.1
      '@smithy/middleware-serde': 2.3.0
      '@smithy/middleware-stack': 2.2.0
      '@smithy/node-config-provider': 2.3.0
      '@smithy/node-http-handler': 2.5.0
      '@smithy/protocol-http': 3.3.0
      '@smithy/smithy-client': 2.5.1
      '@smithy/types': 2.12.0
      '@smithy/url-parser': 2.2.0
      '@smithy/util-base64': 2.3.0
      '@smithy/util-body-length-browser': 2.2.0
      '@smithy/util-body-length-node': 2.3.0
      '@smithy/util-defaults-mode-browser': 2.2.1
      '@smithy/util-defaults-mode-node': 2.3.1
      '@smithy/util-endpoints': 1.2.0
      '@smithy/util-retry': 2.2.0
      '@smithy/util-stream': 2.2.0
      '@smithy/util-utf8': 2.3.0
      '@smithy/util-waiter': 2.2.0
      tslib: 2.6.2
    transitivePeerDependencies:
      - aws-crt
    dev: false

  /@aws-sdk/client-sso@3.478.0:
    resolution: {integrity: sha512-Jxy9cE1JMkPR0PklCpq3cORHnZq/Z4klhSTNGgZNeBWovMa+plor52kyh8iUNHKl3XEJvTbHM7V+dvrr/x0P1g==}
    engines: {node: '>=14.0.0'}
    dependencies:
      '@aws-crypto/sha256-browser': 3.0.0
      '@aws-crypto/sha256-js': 3.0.0
      '@aws-sdk/core': 3.477.0
      '@aws-sdk/middleware-host-header': 3.468.0
      '@aws-sdk/middleware-logger': 3.468.0
      '@aws-sdk/middleware-recursion-detection': 3.468.0
      '@aws-sdk/middleware-user-agent': 3.478.0
      '@aws-sdk/region-config-resolver': 3.470.0
      '@aws-sdk/types': 3.468.0
      '@aws-sdk/util-endpoints': 3.478.0
      '@aws-sdk/util-user-agent-browser': 3.468.0
      '@aws-sdk/util-user-agent-node': 3.470.0
      '@smithy/config-resolver': 2.2.0
      '@smithy/core': 1.4.2
      '@smithy/fetch-http-handler': 2.5.0
      '@smithy/hash-node': 2.2.0
      '@smithy/invalid-dependency': 2.2.0
      '@smithy/middleware-content-length': 2.2.0
      '@smithy/middleware-endpoint': 2.5.1
      '@smithy/middleware-retry': 2.3.1
      '@smithy/middleware-serde': 2.3.0
      '@smithy/middleware-stack': 2.2.0
      '@smithy/node-config-provider': 2.3.0
      '@smithy/node-http-handler': 2.5.0
      '@smithy/protocol-http': 3.3.0
      '@smithy/smithy-client': 2.5.1
      '@smithy/types': 2.12.0
      '@smithy/url-parser': 2.2.0
      '@smithy/util-base64': 2.3.0
      '@smithy/util-body-length-browser': 2.2.0
      '@smithy/util-body-length-node': 2.3.0
      '@smithy/util-defaults-mode-browser': 2.2.1
      '@smithy/util-defaults-mode-node': 2.3.1
      '@smithy/util-endpoints': 1.2.0
      '@smithy/util-retry': 2.2.0
      '@smithy/util-utf8': 2.3.0
      tslib: 2.6.2
    transitivePeerDependencies:
      - aws-crt
    dev: false

  /@aws-sdk/client-sts@3.478.0:
    resolution: {integrity: sha512-D+QID0dYzmn9dcxgKP3/nMndUqiQbDLsqI0Zf2pG4MW5gPhVNKlDGIV3Ztz8SkMjzGJExNOLW2L569o8jshJVw==}
    engines: {node: '>=14.0.0'}
    dependencies:
      '@aws-crypto/sha256-browser': 3.0.0
      '@aws-crypto/sha256-js': 3.0.0
      '@aws-sdk/core': 3.477.0
      '@aws-sdk/credential-provider-node': 3.478.0
      '@aws-sdk/middleware-host-header': 3.468.0
      '@aws-sdk/middleware-logger': 3.468.0
      '@aws-sdk/middleware-recursion-detection': 3.468.0
      '@aws-sdk/middleware-user-agent': 3.478.0
      '@aws-sdk/region-config-resolver': 3.470.0
      '@aws-sdk/types': 3.468.0
      '@aws-sdk/util-endpoints': 3.478.0
      '@aws-sdk/util-user-agent-browser': 3.468.0
      '@aws-sdk/util-user-agent-node': 3.470.0
      '@smithy/config-resolver': 2.2.0
      '@smithy/core': 1.4.2
      '@smithy/fetch-http-handler': 2.5.0
      '@smithy/hash-node': 2.2.0
      '@smithy/invalid-dependency': 2.2.0
      '@smithy/middleware-content-length': 2.2.0
      '@smithy/middleware-endpoint': 2.5.1
      '@smithy/middleware-retry': 2.3.1
      '@smithy/middleware-serde': 2.3.0
      '@smithy/middleware-stack': 2.2.0
      '@smithy/node-config-provider': 2.3.0
      '@smithy/node-http-handler': 2.5.0
      '@smithy/protocol-http': 3.3.0
      '@smithy/smithy-client': 2.5.1
      '@smithy/types': 2.12.0
      '@smithy/url-parser': 2.2.0
      '@smithy/util-base64': 2.3.0
      '@smithy/util-body-length-browser': 2.2.0
      '@smithy/util-body-length-node': 2.3.0
      '@smithy/util-defaults-mode-browser': 2.2.1
      '@smithy/util-defaults-mode-node': 2.3.1
      '@smithy/util-endpoints': 1.2.0
      '@smithy/util-middleware': 2.2.0
      '@smithy/util-retry': 2.2.0
      '@smithy/util-utf8': 2.3.0
      fast-xml-parser: 4.2.5
      tslib: 2.6.2
    transitivePeerDependencies:
      - aws-crt
    dev: false

  /@aws-sdk/core@3.477.0:
    resolution: {integrity: sha512-o0434EH+d1BxHZvgG7z8vph2SYefciQ5RnJw2MgvETGnthgqsnI4nnNJLSw0FVeqCeS18n6vRtzqlGYR2YPCNg==}
    engines: {node: '>=14.0.0'}
    dependencies:
      '@smithy/core': 1.4.2
      '@smithy/protocol-http': 3.3.0
      '@smithy/signature-v4': 2.2.1
      '@smithy/smithy-client': 2.5.1
      '@smithy/types': 2.12.0
      tslib: 2.6.2
    dev: false

  /@aws-sdk/credential-provider-env@3.468.0:
    resolution: {integrity: sha512-k/1WHd3KZn0EQYjadooj53FC0z24/e4dUZhbSKTULgmxyO62pwh9v3Brvw4WRa/8o2wTffU/jo54tf4vGuP/ZA==}
    engines: {node: '>=14.0.0'}
    dependencies:
      '@aws-sdk/types': 3.468.0
      '@smithy/property-provider': 2.2.0
      '@smithy/types': 2.12.0
      tslib: 2.6.2
    dev: false

  /@aws-sdk/credential-provider-ini@3.478.0:
    resolution: {integrity: sha512-SsrYEYUvTG9ZoPC+zB19AnVoOKID+QIEHJDIi1GCZXW5kTVyr1saTVm4orG2TjYvbHQMddsWtHOvGYXZWAYMbw==}
    engines: {node: '>=14.0.0'}
    dependencies:
      '@aws-sdk/credential-provider-env': 3.468.0
      '@aws-sdk/credential-provider-process': 3.468.0
      '@aws-sdk/credential-provider-sso': 3.478.0
      '@aws-sdk/credential-provider-web-identity': 3.468.0
      '@aws-sdk/types': 3.468.0
      '@smithy/credential-provider-imds': 2.3.0
      '@smithy/property-provider': 2.2.0
      '@smithy/shared-ini-file-loader': 2.4.0
      '@smithy/types': 2.12.0
      tslib: 2.6.2
    transitivePeerDependencies:
      - aws-crt
    dev: false

  /@aws-sdk/credential-provider-node@3.478.0:
    resolution: {integrity: sha512-nwDutJYeHiIZCQDgKIUrsgwAWTil0mNe+cbd+j8fi+wwxkWUzip+F0+z02molJ8WrUUKNRhqB1V5aVx7IranuA==}
    engines: {node: '>=14.0.0'}
    dependencies:
      '@aws-sdk/credential-provider-env': 3.468.0
      '@aws-sdk/credential-provider-ini': 3.478.0
      '@aws-sdk/credential-provider-process': 3.468.0
      '@aws-sdk/credential-provider-sso': 3.478.0
      '@aws-sdk/credential-provider-web-identity': 3.468.0
      '@aws-sdk/types': 3.468.0
      '@smithy/credential-provider-imds': 2.3.0
      '@smithy/property-provider': 2.2.0
      '@smithy/shared-ini-file-loader': 2.4.0
      '@smithy/types': 2.12.0
      tslib: 2.6.2
    transitivePeerDependencies:
      - aws-crt
    dev: false

  /@aws-sdk/credential-provider-process@3.468.0:
    resolution: {integrity: sha512-OYSn1A/UsyPJ7Z8Q2cNhTf55O36shPmSsvOfND04nSfu1nPaR+VUvvsP7v+brhGpwC/GAKTIdGAo4blH31BS6A==}
    engines: {node: '>=14.0.0'}
    dependencies:
      '@aws-sdk/types': 3.468.0
      '@smithy/property-provider': 2.2.0
      '@smithy/shared-ini-file-loader': 2.4.0
      '@smithy/types': 2.12.0
      tslib: 2.6.2
    dev: false

  /@aws-sdk/credential-provider-sso@3.478.0:
    resolution: {integrity: sha512-LsDShG51X/q+s5ZFN7kHVqrd8ZHdyEyHqdhoocmRvvw2Dif50M0AqQfvCrW1ndj5CNzXO4x/eH8EK5ZOVlS6Sg==}
    engines: {node: '>=14.0.0'}
    dependencies:
      '@aws-sdk/client-sso': 3.478.0
      '@aws-sdk/token-providers': 3.478.0
      '@aws-sdk/types': 3.468.0
      '@smithy/property-provider': 2.2.0
      '@smithy/shared-ini-file-loader': 2.4.0
      '@smithy/types': 2.12.0
      tslib: 2.6.2
    transitivePeerDependencies:
      - aws-crt
    dev: false

  /@aws-sdk/credential-provider-web-identity@3.468.0:
    resolution: {integrity: sha512-rexymPmXjtkwCPfhnUq3EjO1rSkf39R4Jz9CqiM7OsqK2qlT5Y/V3gnMKn0ZMXsYaQOMfM3cT5xly5R+OKDHlw==}
    engines: {node: '>=14.0.0'}
    dependencies:
      '@aws-sdk/types': 3.468.0
      '@smithy/property-provider': 2.2.0
      '@smithy/types': 2.12.0
      tslib: 2.6.2
    dev: false

  /@aws-sdk/middleware-host-header@3.468.0:
    resolution: {integrity: sha512-gwQ+/QhX+lhof304r6zbZ/V5l5cjhGRxLL3CjH1uJPMcOAbw9wUlMdl+ibr8UwBZ5elfKFGiB1cdW/0uMchw0w==}
    engines: {node: '>=14.0.0'}
    dependencies:
      '@aws-sdk/types': 3.468.0
      '@smithy/protocol-http': 3.3.0
      '@smithy/types': 2.12.0
      tslib: 2.6.2
    dev: false

  /@aws-sdk/middleware-logger@3.468.0:
    resolution: {integrity: sha512-X5XHKV7DHRXI3f29SAhJPe/OxWRFgDWDMMCALfzhmJfCi6Jfh0M14cJKoC+nl+dk9lB+36+jKjhjETZaL2bPlA==}
    engines: {node: '>=14.0.0'}
    dependencies:
      '@aws-sdk/types': 3.468.0
      '@smithy/types': 2.12.0
      tslib: 2.6.2
    dev: false

  /@aws-sdk/middleware-recursion-detection@3.468.0:
    resolution: {integrity: sha512-vch9IQib2Ng9ucSyRW2eKNQXHUPb5jUPCLA5otTW/8nGjcOU37LxQG4WrxO7uaJ9Oe8hjHO+hViE3P0KISUhtA==}
    engines: {node: '>=14.0.0'}
    dependencies:
      '@aws-sdk/types': 3.468.0
      '@smithy/protocol-http': 3.3.0
      '@smithy/types': 2.12.0
      tslib: 2.6.2
    dev: false

  /@aws-sdk/middleware-signing@3.468.0:
    resolution: {integrity: sha512-s+7fSB1gdnnTj5O0aCCarX3z5Vppop8kazbNSZADdkfHIDWCN80IH4ZNjY3OWqaAz0HmR4LNNrovdR304ojb4Q==}
    engines: {node: '>=14.0.0'}
    dependencies:
      '@aws-sdk/types': 3.468.0
      '@smithy/property-provider': 2.2.0
      '@smithy/protocol-http': 3.3.0
      '@smithy/signature-v4': 2.2.1
      '@smithy/types': 2.12.0
      '@smithy/util-middleware': 2.2.0
      tslib: 2.6.2
    dev: false

  /@aws-sdk/middleware-user-agent@3.478.0:
    resolution: {integrity: sha512-Rec+nAPIzzwxgHPW+xqY6tooJGFOytpYg/xSRv8/IXl3xKGhmpMGs6gDWzmMBv/qy5nKTvLph/csNWJ98GWXCw==}
    engines: {node: '>=14.0.0'}
    dependencies:
      '@aws-sdk/types': 3.468.0
      '@aws-sdk/util-endpoints': 3.478.0
      '@smithy/protocol-http': 3.3.0
      '@smithy/types': 2.12.0
      tslib: 2.6.2
    dev: false

  /@aws-sdk/region-config-resolver@3.470.0:
    resolution: {integrity: sha512-C1o1J06iIw8cyAAOvHqT4Bbqf+PgQ/RDlSyjt2gFfP2OovDpc2o2S90dE8f8iZdSGpg70N5MikT1DBhW9NbhtQ==}
    engines: {node: '>=14.0.0'}
    dependencies:
      '@smithy/node-config-provider': 2.3.0
      '@smithy/types': 2.12.0
      '@smithy/util-config-provider': 2.3.0
      '@smithy/util-middleware': 2.2.0
      tslib: 2.6.2
    dev: false

  /@aws-sdk/token-providers@3.478.0:
    resolution: {integrity: sha512-7b5tj1y/wGHZIZ+ckjOUKgKrMuCJMF/G1UKZKIqqdekeEsjcThbvoxAMeY0FEowu2ODVk/ggOmpBFxcu0iYd6A==}
    engines: {node: '>=14.0.0'}
    dependencies:
      '@aws-crypto/sha256-browser': 3.0.0
      '@aws-crypto/sha256-js': 3.0.0
      '@aws-sdk/middleware-host-header': 3.468.0
      '@aws-sdk/middleware-logger': 3.468.0
      '@aws-sdk/middleware-recursion-detection': 3.468.0
      '@aws-sdk/middleware-user-agent': 3.478.0
      '@aws-sdk/region-config-resolver': 3.470.0
      '@aws-sdk/types': 3.468.0
      '@aws-sdk/util-endpoints': 3.478.0
      '@aws-sdk/util-user-agent-browser': 3.468.0
      '@aws-sdk/util-user-agent-node': 3.470.0
      '@smithy/config-resolver': 2.2.0
      '@smithy/fetch-http-handler': 2.5.0
      '@smithy/hash-node': 2.2.0
      '@smithy/invalid-dependency': 2.2.0
      '@smithy/middleware-content-length': 2.2.0
      '@smithy/middleware-endpoint': 2.5.1
      '@smithy/middleware-retry': 2.3.1
      '@smithy/middleware-serde': 2.3.0
      '@smithy/middleware-stack': 2.2.0
      '@smithy/node-config-provider': 2.3.0
      '@smithy/node-http-handler': 2.5.0
      '@smithy/property-provider': 2.2.0
      '@smithy/protocol-http': 3.3.0
      '@smithy/shared-ini-file-loader': 2.4.0
      '@smithy/smithy-client': 2.5.1
      '@smithy/types': 2.12.0
      '@smithy/url-parser': 2.2.0
      '@smithy/util-base64': 2.3.0
      '@smithy/util-body-length-browser': 2.2.0
      '@smithy/util-body-length-node': 2.3.0
      '@smithy/util-defaults-mode-browser': 2.2.1
      '@smithy/util-defaults-mode-node': 2.3.1
      '@smithy/util-endpoints': 1.2.0
      '@smithy/util-retry': 2.2.0
      '@smithy/util-utf8': 2.3.0
      tslib: 2.6.2
    transitivePeerDependencies:
      - aws-crt
    dev: false

  /@aws-sdk/types@3.468.0:
    resolution: {integrity: sha512-rx/9uHI4inRbp2tw3Y4Ih4PNZkVj32h7WneSg3MVgVjAoVD5Zti9KhS5hkvsBxfgmQmg0AQbE+b1sy5WGAgntA==}
    engines: {node: '>=14.0.0'}
    dependencies:
      '@smithy/types': 2.12.0
      tslib: 2.6.2
    dev: false

  /@aws-sdk/util-endpoints@3.478.0:
    resolution: {integrity: sha512-u9Mcg3euGJGs5clPt9mBuhBjHiEKiD0PnfvArhfq9i+dcY5mbCq/i1Dezp3iv1fZH9xxQt7hPXDfSpt1yUSM6g==}
    engines: {node: '>=14.0.0'}
    dependencies:
      '@aws-sdk/types': 3.468.0
      '@smithy/util-endpoints': 1.2.0
      tslib: 2.6.2
    dev: false

  /@aws-sdk/util-locate-window@3.535.0:
    resolution: {integrity: sha512-PHJ3SL6d2jpcgbqdgiPxkXpu7Drc2PYViwxSIqvvMKhDwzSB1W3mMvtpzwKM4IE7zLFodZo0GKjJ9AsoXndXhA==}
    engines: {node: '>=14.0.0'}
    dependencies:
      tslib: 2.6.2
    dev: false

  /@aws-sdk/util-user-agent-browser@3.468.0:
    resolution: {integrity: sha512-OJyhWWsDEizR3L+dCgMXSUmaCywkiZ7HSbnQytbeKGwokIhD69HTiJcibF/sgcM5gk4k3Mq3puUhGnEZ46GIig==}
    dependencies:
      '@aws-sdk/types': 3.468.0
      '@smithy/types': 2.12.0
      bowser: 2.11.0
      tslib: 2.6.2
    dev: false

  /@aws-sdk/util-user-agent-node@3.470.0:
    resolution: {integrity: sha512-QxsZ9iVHcBB/XRdYvwfM5AMvNp58HfqkIrH88mY0cmxuvtlIGDfWjczdDrZMJk9y0vIq+cuoCHsGXHu7PyiEAQ==}
    engines: {node: '>=14.0.0'}
    peerDependencies:
      aws-crt: '>=1.0.0'
    peerDependenciesMeta:
      aws-crt:
        optional: true
    dependencies:
      '@aws-sdk/types': 3.468.0
      '@smithy/node-config-provider': 2.3.0
      '@smithy/types': 2.12.0
      tslib: 2.6.2
    dev: false

  /@aws-sdk/util-utf8-browser@3.259.0:
    resolution: {integrity: sha512-UvFa/vR+e19XookZF8RzFZBrw2EUkQWxiBW0yYQAhvk3C+QVGl0H3ouca8LDBlBfQKXwmW3huo/59H8rwb1wJw==}
    dependencies:
      tslib: 2.6.2
    dev: false

  /@smithy/abort-controller@2.2.0:
    resolution: {integrity: sha512-wRlta7GuLWpTqtFfGo+nZyOO1vEvewdNR1R4rTxpC8XU6vG/NDyrFBhwLZsqg1NUoR1noVaXJPC/7ZK47QCySw==}
    engines: {node: '>=14.0.0'}
    dependencies:
      '@smithy/types': 2.12.0
      tslib: 2.6.2
    dev: false

  /@smithy/config-resolver@2.2.0:
    resolution: {integrity: sha512-fsiMgd8toyUba6n1WRmr+qACzXltpdDkPTAaDqc8QqPBUzO+/JKwL6bUBseHVi8tu9l+3JOK+tSf7cay+4B3LA==}
    engines: {node: '>=14.0.0'}
    dependencies:
      '@smithy/node-config-provider': 2.3.0
      '@smithy/types': 2.12.0
      '@smithy/util-config-provider': 2.3.0
      '@smithy/util-middleware': 2.2.0
      tslib: 2.6.2
    dev: false

  /@smithy/core@1.4.2:
    resolution: {integrity: sha512-2fek3I0KZHWJlRLvRTqxTEri+qV0GRHrJIoLFuBMZB4EMg4WgeBGfF0X6abnrNYpq55KJ6R4D6x4f0vLnhzinA==}
    engines: {node: '>=14.0.0'}
    dependencies:
      '@smithy/middleware-endpoint': 2.5.1
      '@smithy/middleware-retry': 2.3.1
      '@smithy/middleware-serde': 2.3.0
      '@smithy/protocol-http': 3.3.0
      '@smithy/smithy-client': 2.5.1
      '@smithy/types': 2.12.0
      '@smithy/util-middleware': 2.2.0
      tslib: 2.6.2
    dev: false

  /@smithy/credential-provider-imds@2.3.0:
    resolution: {integrity: sha512-BWB9mIukO1wjEOo1Ojgl6LrG4avcaC7T/ZP6ptmAaW4xluhSIPZhY+/PI5YKzlk+jsm+4sQZB45Bt1OfMeQa3w==}
    engines: {node: '>=14.0.0'}
    dependencies:
      '@smithy/node-config-provider': 2.3.0
      '@smithy/property-provider': 2.2.0
      '@smithy/types': 2.12.0
      '@smithy/url-parser': 2.2.0
      tslib: 2.6.2
    dev: false

  /@smithy/eventstream-codec@2.2.0:
    resolution: {integrity: sha512-8janZoJw85nJmQZc4L8TuePp2pk1nxLgkxIR0TUjKJ5Dkj5oelB9WtiSSGXCQvNsJl0VSTvK/2ueMXxvpa9GVw==}
    dependencies:
      '@aws-crypto/crc32': 3.0.0
      '@smithy/types': 2.12.0
      '@smithy/util-hex-encoding': 2.2.0
      tslib: 2.6.2
    dev: false

  /@smithy/eventstream-serde-browser@2.2.0:
    resolution: {integrity: sha512-UaPf8jKbcP71BGiO0CdeLmlg+RhWnlN8ipsMSdwvqBFigl5nil3rHOI/5GE3tfiuX8LvY5Z9N0meuU7Rab7jWw==}
    engines: {node: '>=14.0.0'}
    dependencies:
      '@smithy/eventstream-serde-universal': 2.2.0
      '@smithy/types': 2.12.0
      tslib: 2.6.2
    dev: false

  /@smithy/eventstream-serde-config-resolver@2.2.0:
    resolution: {integrity: sha512-RHhbTw/JW3+r8QQH7PrganjNCiuiEZmpi6fYUAetFfPLfZ6EkiA08uN3EFfcyKubXQxOwTeJRZSQmDDCdUshaA==}
    engines: {node: '>=14.0.0'}
    dependencies:
      '@smithy/types': 2.12.0
      tslib: 2.6.2
    dev: false

  /@smithy/eventstream-serde-node@2.2.0:
    resolution: {integrity: sha512-zpQMtJVqCUMn+pCSFcl9K/RPNtQE0NuMh8sKpCdEHafhwRsjP50Oq/4kMmvxSRy6d8Jslqd8BLvDngrUtmN9iA==}
    engines: {node: '>=14.0.0'}
    dependencies:
      '@smithy/eventstream-serde-universal': 2.2.0
      '@smithy/types': 2.12.0
      tslib: 2.6.2
    dev: false

  /@smithy/eventstream-serde-universal@2.2.0:
    resolution: {integrity: sha512-pvoe/vvJY0mOpuF84BEtyZoYfbehiFj8KKWk1ds2AT0mTLYFVs+7sBJZmioOFdBXKd48lfrx1vumdPdmGlCLxA==}
    engines: {node: '>=14.0.0'}
    dependencies:
      '@smithy/eventstream-codec': 2.2.0
      '@smithy/types': 2.12.0
      tslib: 2.6.2
    dev: false

  /@smithy/fetch-http-handler@2.5.0:
    resolution: {integrity: sha512-BOWEBeppWhLn/no/JxUL/ghTfANTjT7kg3Ww2rPqTUY9R4yHPXxJ9JhMe3Z03LN3aPwiwlpDIUcVw1xDyHqEhw==}
    dependencies:
      '@smithy/protocol-http': 3.3.0
      '@smithy/querystring-builder': 2.2.0
      '@smithy/types': 2.12.0
      '@smithy/util-base64': 2.3.0
      tslib: 2.6.2
    dev: false

  /@smithy/hash-node@2.2.0:
    resolution: {integrity: sha512-zLWaC/5aWpMrHKpoDF6nqpNtBhlAYKF/7+9yMN7GpdR8CzohnWfGtMznPybnwSS8saaXBMxIGwJqR4HmRp6b3g==}
    engines: {node: '>=14.0.0'}
    dependencies:
      '@smithy/types': 2.12.0
      '@smithy/util-buffer-from': 2.2.0
      '@smithy/util-utf8': 2.3.0
      tslib: 2.6.2
    dev: false

  /@smithy/invalid-dependency@2.2.0:
    resolution: {integrity: sha512-nEDASdbKFKPXN2O6lOlTgrEEOO9NHIeO+HVvZnkqc8h5U9g3BIhWsvzFo+UcUbliMHvKNPD/zVxDrkP1Sbgp8Q==}
    dependencies:
      '@smithy/types': 2.12.0
      tslib: 2.6.2
    dev: false

  /@smithy/is-array-buffer@2.2.0:
    resolution: {integrity: sha512-GGP3O9QFD24uGeAXYUjwSTXARoqpZykHadOmA8G5vfJPK0/DC67qa//0qvqrJzL1xc8WQWX7/yc7fwudjPHPhA==}
    engines: {node: '>=14.0.0'}
    dependencies:
      tslib: 2.6.2
    dev: false

  /@smithy/middleware-content-length@2.2.0:
    resolution: {integrity: sha512-5bl2LG1Ah/7E5cMSC+q+h3IpVHMeOkG0yLRyQT1p2aMJkSrZG7RlXHPuAgb7EyaFeidKEnnd/fNaLLaKlHGzDQ==}
    engines: {node: '>=14.0.0'}
    dependencies:
      '@smithy/protocol-http': 3.3.0
      '@smithy/types': 2.12.0
      tslib: 2.6.2
    dev: false

  /@smithy/middleware-endpoint@2.5.1:
    resolution: {integrity: sha512-1/8kFp6Fl4OsSIVTWHnNjLnTL8IqpIb/D3sTSczrKFnrE9VMNWxnrRKNvpUHOJ6zpGD5f62TPm7+17ilTJpiCQ==}
    engines: {node: '>=14.0.0'}
    dependencies:
      '@smithy/middleware-serde': 2.3.0
      '@smithy/node-config-provider': 2.3.0
      '@smithy/shared-ini-file-loader': 2.4.0
      '@smithy/types': 2.12.0
      '@smithy/url-parser': 2.2.0
      '@smithy/util-middleware': 2.2.0
      tslib: 2.6.2
    dev: false

  /@smithy/middleware-retry@2.3.1:
    resolution: {integrity: sha512-P2bGufFpFdYcWvqpyqqmalRtwFUNUA8vHjJR5iGqbfR6mp65qKOLcUd6lTr4S9Gn/enynSrSf3p3FVgVAf6bXA==}
    engines: {node: '>=14.0.0'}
    dependencies:
      '@smithy/node-config-provider': 2.3.0
      '@smithy/protocol-http': 3.3.0
      '@smithy/service-error-classification': 2.1.5
      '@smithy/smithy-client': 2.5.1
      '@smithy/types': 2.12.0
      '@smithy/util-middleware': 2.2.0
      '@smithy/util-retry': 2.2.0
      tslib: 2.6.2
      uuid: 9.0.1
    dev: false

  /@smithy/middleware-serde@2.3.0:
    resolution: {integrity: sha512-sIADe7ojwqTyvEQBe1nc/GXB9wdHhi9UwyX0lTyttmUWDJLP655ZYE1WngnNyXREme8I27KCaUhyhZWRXL0q7Q==}
    engines: {node: '>=14.0.0'}
    dependencies:
      '@smithy/types': 2.12.0
      tslib: 2.6.2
    dev: false

  /@smithy/middleware-stack@2.2.0:
    resolution: {integrity: sha512-Qntc3jrtwwrsAC+X8wms8zhrTr0sFXnyEGhZd9sLtsJ/6gGQKFzNB+wWbOcpJd7BR8ThNCoKt76BuQahfMvpeA==}
    engines: {node: '>=14.0.0'}
    dependencies:
      '@smithy/types': 2.12.0
      tslib: 2.6.2
    dev: false

  /@smithy/node-config-provider@2.3.0:
    resolution: {integrity: sha512-0elK5/03a1JPWMDPaS726Iw6LpQg80gFut1tNpPfxFuChEEklo2yL823V94SpTZTxmKlXFtFgsP55uh3dErnIg==}
    engines: {node: '>=14.0.0'}
    dependencies:
      '@smithy/property-provider': 2.2.0
      '@smithy/shared-ini-file-loader': 2.4.0
      '@smithy/types': 2.12.0
      tslib: 2.6.2
    dev: false

  /@smithy/node-http-handler@2.5.0:
    resolution: {integrity: sha512-mVGyPBzkkGQsPoxQUbxlEfRjrj6FPyA3u3u2VXGr9hT8wilsoQdZdvKpMBFMB8Crfhv5dNkKHIW0Yyuc7eABqA==}
    engines: {node: '>=14.0.0'}
    dependencies:
      '@smithy/abort-controller': 2.2.0
      '@smithy/protocol-http': 3.3.0
      '@smithy/querystring-builder': 2.2.0
      '@smithy/types': 2.12.0
      tslib: 2.6.2
    dev: false

  /@smithy/property-provider@2.2.0:
    resolution: {integrity: sha512-+xiil2lFhtTRzXkx8F053AV46QnIw6e7MV8od5Mi68E1ICOjCeCHw2XfLnDEUHnT9WGUIkwcqavXjfwuJbGlpg==}
    engines: {node: '>=14.0.0'}
    dependencies:
      '@smithy/types': 2.12.0
      tslib: 2.6.2
    dev: false

  /@smithy/protocol-http@3.3.0:
    resolution: {integrity: sha512-Xy5XK1AFWW2nlY/biWZXu6/krgbaf2dg0q492D8M5qthsnU2H+UgFeZLbM76FnH7s6RO/xhQRkj+T6KBO3JzgQ==}
    engines: {node: '>=14.0.0'}
    dependencies:
      '@smithy/types': 2.12.0
      tslib: 2.6.2
    dev: false

  /@smithy/querystring-builder@2.2.0:
    resolution: {integrity: sha512-L1kSeviUWL+emq3CUVSgdogoM/D9QMFaqxL/dd0X7PCNWmPXqt+ExtrBjqT0V7HLN03Vs9SuiLrG3zy3JGnE5A==}
    engines: {node: '>=14.0.0'}
    dependencies:
      '@smithy/types': 2.12.0
      '@smithy/util-uri-escape': 2.2.0
      tslib: 2.6.2
    dev: false

  /@smithy/querystring-parser@2.2.0:
    resolution: {integrity: sha512-BvHCDrKfbG5Yhbpj4vsbuPV2GgcpHiAkLeIlcA1LtfpMz3jrqizP1+OguSNSj1MwBHEiN+jwNisXLGdajGDQJA==}
    engines: {node: '>=14.0.0'}
    dependencies:
      '@smithy/types': 2.12.0
      tslib: 2.6.2
    dev: false

  /@smithy/service-error-classification@2.1.5:
    resolution: {integrity: sha512-uBDTIBBEdAQryvHdc5W8sS5YX7RQzF683XrHePVdFmAgKiMofU15FLSM0/HU03hKTnazdNRFa0YHS7+ArwoUSQ==}
    engines: {node: '>=14.0.0'}
    dependencies:
      '@smithy/types': 2.12.0
    dev: false

  /@smithy/shared-ini-file-loader@2.4.0:
    resolution: {integrity: sha512-WyujUJL8e1B6Z4PBfAqC/aGY1+C7T0w20Gih3yrvJSk97gpiVfB+y7c46T4Nunk+ZngLq0rOIdeVeIklk0R3OA==}
    engines: {node: '>=14.0.0'}
    dependencies:
      '@smithy/types': 2.12.0
      tslib: 2.6.2
    dev: false

  /@smithy/signature-v4@2.2.1:
    resolution: {integrity: sha512-j5fHgL1iqKTsKJ1mTcw88p0RUcidDu95AWSeZTgiYJb+QcfwWU/UpBnaqiB59FNH5MiAZuSbOBnZlwzeeY2tIw==}
    engines: {node: '>=14.0.0'}
    dependencies:
      '@smithy/is-array-buffer': 2.2.0
      '@smithy/types': 2.12.0
      '@smithy/util-hex-encoding': 2.2.0
      '@smithy/util-middleware': 2.2.0
      '@smithy/util-uri-escape': 2.2.0
      '@smithy/util-utf8': 2.3.0
      tslib: 2.6.2
    dev: false

  /@smithy/smithy-client@2.5.1:
    resolution: {integrity: sha512-jrbSQrYCho0yDaaf92qWgd+7nAeap5LtHTI51KXqmpIFCceKU3K9+vIVTUH72bOJngBMqa4kyu1VJhRcSrk/CQ==}
    engines: {node: '>=14.0.0'}
    dependencies:
      '@smithy/middleware-endpoint': 2.5.1
      '@smithy/middleware-stack': 2.2.0
      '@smithy/protocol-http': 3.3.0
      '@smithy/types': 2.12.0
      '@smithy/util-stream': 2.2.0
      tslib: 2.6.2
    dev: false

  /@smithy/types@2.12.0:
    resolution: {integrity: sha512-QwYgloJ0sVNBeBuBs65cIkTbfzV/Q6ZNPCJ99EICFEdJYG50nGIY/uYXp+TbsdJReIuPr0a0kXmCvren3MbRRw==}
    engines: {node: '>=14.0.0'}
    dependencies:
      tslib: 2.6.2
    dev: false

  /@smithy/url-parser@2.2.0:
    resolution: {integrity: sha512-hoA4zm61q1mNTpksiSWp2nEl1dt3j726HdRhiNgVJQMj7mLp7dprtF57mOB6JvEk/x9d2bsuL5hlqZbBuHQylQ==}
    dependencies:
      '@smithy/querystring-parser': 2.2.0
      '@smithy/types': 2.12.0
      tslib: 2.6.2
    dev: false

  /@smithy/util-base64@2.3.0:
    resolution: {integrity: sha512-s3+eVwNeJuXUwuMbusncZNViuhv2LjVJ1nMwTqSA0XAC7gjKhqqxRdJPhR8+YrkoZ9IiIbFk/yK6ACe/xlF+hw==}
    engines: {node: '>=14.0.0'}
    dependencies:
      '@smithy/util-buffer-from': 2.2.0
      '@smithy/util-utf8': 2.3.0
      tslib: 2.6.2
    dev: false

  /@smithy/util-body-length-browser@2.2.0:
    resolution: {integrity: sha512-dtpw9uQP7W+n3vOtx0CfBD5EWd7EPdIdsQnWTDoFf77e3VUf05uA7R7TGipIo8e4WL2kuPdnsr3hMQn9ziYj5w==}
    dependencies:
      tslib: 2.6.2
    dev: false

  /@smithy/util-body-length-node@2.3.0:
    resolution: {integrity: sha512-ITWT1Wqjubf2CJthb0BuT9+bpzBfXeMokH/AAa5EJQgbv9aPMVfnM76iFIZVFf50hYXGbtiV71BHAthNWd6+dw==}
    engines: {node: '>=14.0.0'}
    dependencies:
      tslib: 2.6.2
    dev: false

  /@smithy/util-buffer-from@2.2.0:
    resolution: {integrity: sha512-IJdWBbTcMQ6DA0gdNhh/BwrLkDR+ADW5Kr1aZmd4k3DIF6ezMV4R2NIAmT08wQJ3yUK82thHWmC/TnK/wpMMIA==}
    engines: {node: '>=14.0.0'}
    dependencies:
      '@smithy/is-array-buffer': 2.2.0
      tslib: 2.6.2
    dev: false

  /@smithy/util-config-provider@2.3.0:
    resolution: {integrity: sha512-HZkzrRcuFN1k70RLqlNK4FnPXKOpkik1+4JaBoHNJn+RnJGYqaa3c5/+XtLOXhlKzlRgNvyaLieHTW2VwGN0VQ==}
    engines: {node: '>=14.0.0'}
    dependencies:
      tslib: 2.6.2
    dev: false

  /@smithy/util-defaults-mode-browser@2.2.1:
    resolution: {integrity: sha512-RtKW+8j8skk17SYowucwRUjeh4mCtnm5odCL0Lm2NtHQBsYKrNW0od9Rhopu9wF1gHMfHeWF7i90NwBz/U22Kw==}
    engines: {node: '>= 10.0.0'}
    dependencies:
      '@smithy/property-provider': 2.2.0
      '@smithy/smithy-client': 2.5.1
      '@smithy/types': 2.12.0
      bowser: 2.11.0
      tslib: 2.6.2
    dev: false

  /@smithy/util-defaults-mode-node@2.3.1:
    resolution: {integrity: sha512-vkMXHQ0BcLFysBMWgSBLSk3+leMpFSyyFj8zQtv5ZyUBx8/owVh1/pPEkzmW/DR/Gy/5c8vjLDD9gZjXNKbrpA==}
    engines: {node: '>= 10.0.0'}
    dependencies:
      '@smithy/config-resolver': 2.2.0
      '@smithy/credential-provider-imds': 2.3.0
      '@smithy/node-config-provider': 2.3.0
      '@smithy/property-provider': 2.2.0
      '@smithy/smithy-client': 2.5.1
      '@smithy/types': 2.12.0
      tslib: 2.6.2
    dev: false

  /@smithy/util-endpoints@1.2.0:
    resolution: {integrity: sha512-BuDHv8zRjsE5zXd3PxFXFknzBG3owCpjq8G3FcsXW3CykYXuEqM3nTSsmLzw5q+T12ZYuDlVUZKBdpNbhVtlrQ==}
    engines: {node: '>= 14.0.0'}
    dependencies:
      '@smithy/node-config-provider': 2.3.0
      '@smithy/types': 2.12.0
      tslib: 2.6.2
    dev: false

  /@smithy/util-hex-encoding@2.2.0:
    resolution: {integrity: sha512-7iKXR+/4TpLK194pVjKiasIyqMtTYJsgKgM242Y9uzt5dhHnUDvMNb+3xIhRJ9QhvqGii/5cRUt4fJn3dtXNHQ==}
    engines: {node: '>=14.0.0'}
    dependencies:
      tslib: 2.6.2
    dev: false

  /@smithy/util-middleware@2.2.0:
    resolution: {integrity: sha512-L1qpleXf9QD6LwLCJ5jddGkgWyuSvWBkJwWAZ6kFkdifdso+sk3L3O1HdmPvCdnCK3IS4qWyPxev01QMnfHSBw==}
    engines: {node: '>=14.0.0'}
    dependencies:
      '@smithy/types': 2.12.0
      tslib: 2.6.2
    dev: false

  /@smithy/util-retry@2.2.0:
    resolution: {integrity: sha512-q9+pAFPTfftHXRytmZ7GzLFFrEGavqapFc06XxzZFcSIGERXMerXxCitjOG1prVDR9QdjqotF40SWvbqcCpf8g==}
    engines: {node: '>= 14.0.0'}
    dependencies:
      '@smithy/service-error-classification': 2.1.5
      '@smithy/types': 2.12.0
      tslib: 2.6.2
    dev: false

  /@smithy/util-stream@2.2.0:
    resolution: {integrity: sha512-17faEXbYWIRst1aU9SvPZyMdWmqIrduZjVOqCPMIsWFNxs5yQQgFrJL6b2SdiCzyW9mJoDjFtgi53xx7EH+BXA==}
    engines: {node: '>=14.0.0'}
    dependencies:
      '@smithy/fetch-http-handler': 2.5.0
      '@smithy/node-http-handler': 2.5.0
      '@smithy/types': 2.12.0
      '@smithy/util-base64': 2.3.0
      '@smithy/util-buffer-from': 2.2.0
      '@smithy/util-hex-encoding': 2.2.0
      '@smithy/util-utf8': 2.3.0
      tslib: 2.6.2
    dev: false

  /@smithy/util-uri-escape@2.2.0:
    resolution: {integrity: sha512-jtmJMyt1xMD/d8OtbVJ2gFZOSKc+ueYJZPW20ULW1GOp/q/YIM0wNh+u8ZFao9UaIGz4WoPW8hC64qlWLIfoDA==}
    engines: {node: '>=14.0.0'}
    dependencies:
      tslib: 2.6.2
    dev: false

  /@smithy/util-utf8@2.3.0:
    resolution: {integrity: sha512-R8Rdn8Hy72KKcebgLiv8jQcQkXoLMOGGv5uI1/k0l+snqkOzQ1R0ChUBCxWMlBsFMekWjq0wRudIweFs7sKT5A==}
    engines: {node: '>=14.0.0'}
    dependencies:
      '@smithy/util-buffer-from': 2.2.0
      tslib: 2.6.2
    dev: false

  /@smithy/util-waiter@2.2.0:
    resolution: {integrity: sha512-IHk53BVw6MPMi2Gsn+hCng8rFA3ZmR3Rk7GllxDUW9qFJl/hiSvskn7XldkECapQVkIg/1dHpMAxI9xSTaLLSA==}
    engines: {node: '>=14.0.0'}
    dependencies:
      '@smithy/abort-controller': 2.2.0
      '@smithy/types': 2.12.0
      tslib: 2.6.2
    dev: false

  /bowser@2.11.0:
    resolution: {integrity: sha512-AlcaJBi/pqqJBIQ8U9Mcpc9i8Aqxn88Skv5d+xBX006BY5u8N3mGLHa5Lgppa7L/HfwgwLgZ6NYs+Ag6uUmJRA==}
    dev: false

  /fast-xml-parser@4.2.5:
    resolution: {integrity: sha512-B9/wizE4WngqQftFPmdaMYlXoJlJOYxGQOanC77fq9k8+Z0v5dDSVh+3glErdIROP//s/jgb7ZuxKfB8nVyo0g==}
    hasBin: true
    dependencies:
      strnum: 1.0.5
    dev: false

  /hono@4.0.1:
    resolution: {integrity: sha512-S9cREGPJIAK437RhroOf1PGlJPIlt5itl69OmQ6onPLo5pdCbSHGL8v4uAKxrdHjcTyuoyvKPqWm5jv0dGkdFA==}
    engines: {node: '>=16.0.0'}
    dev: false

  /jose@4.15.5:
    resolution: {integrity: sha512-jc7BFxgKPKi94uOvEmzlSWFFe2+vASyXaKUpdQKatWAESU2MWjDfFf0fdfc83CDKcA5QecabZeNLyfhe3yKNkg==}
    dev: false

  /jose@5.2.3:
    resolution: {integrity: sha512-KUXdbctm1uHVL8BYhnyHkgp3zDX5KW8ZhAKVFEfUbU2P8Alpzjb+48hHvjOdQIyPshoblhzsuqOwEEAbtHVirA==}
    dev: false

  /lru-cache@6.0.0:
    resolution: {integrity: sha512-Jo6dJ04CmSjuznwJSS3pUeWmd/H0ffTlkXXgwZi+eq1UCmqQwCh+eLsYOYCwY991i2Fah4h1BEMCx4qThGbsiA==}
    engines: {node: '>=10'}
    dependencies:
      yallist: 4.0.0
    dev: false

  /object-hash@2.2.0:
    resolution: {integrity: sha512-gScRMn0bS5fH+IuwyIFgnh9zBdo4DV+6GhygmWM9HyNJSgS0hScp1f5vjtm7oIIOiT9trXrShAkLFSc2IqKNgw==}
    engines: {node: '>= 6'}
    dev: false

  /oidc-token-hash@5.0.3:
    resolution: {integrity: sha512-IF4PcGgzAr6XXSff26Sk/+P4KZFJVuHAJZj3wgO3vX2bMdNVp/QXTP3P7CEm9V1IdG8lDLY3HhiqpsE/nOwpPw==}
    engines: {node: ^10.13.0 || >=12.0.0}
    dev: false

  /openid-client@5.6.4:
    resolution: {integrity: sha512-T1h3B10BRPKfcObdBklX639tVz+xh34O7GjofqrqiAQdm7eHsQ00ih18x6wuJ/E6FxdtS2u3FmUGPDeEcMwzNA==}
    dependencies:
      jose: 4.15.5
      lru-cache: 6.0.0
      object-hash: 2.2.0
      oidc-token-hash: 5.0.3
    dev: false

  /sst@3.0.13:
    resolution: {integrity: sha512-IJO3ZHJ3/4gEEGyhvs9dwryC5il044NxYh0meD2pOKwBgdMREIONnrx+F8Tkblf88RB0zP7u7gllxlzxvYQuWA==}
    dependencies:
      '@aws-sdk/client-lambda': 3.478.0
      hono: 4.0.1
      jose: 5.2.3
      openid-client: 5.6.4
    transitivePeerDependencies:
      - aws-crt
    dev: false

  /strnum@1.0.5:
    resolution: {integrity: sha512-J8bbNyKKXl5qYcR36TIO8W3mVGVHrmmxsd5PAItGkmyzwJvybiw2IVq5nqd0i4LSNSkB/sx9VHllbfFdr9k1JA==}
    dev: false

  /tslib@1.14.1:
    resolution: {integrity: sha512-Xni35NKzjgMrwevysHTCArtLDpPvye8zV/0E4EyYn43P7/7qvQwPh9BGkHewbMulVntbigmcT7rdX3BNo9wRJg==}
    dev: false

  /tslib@2.6.2:
    resolution: {integrity: sha512-AEYxH93jGFPn/a2iVAwW87VuUIkR1FVUKB77NwMF7nBTDkDrrT/Hpt/IrCJ0QXhW27jTBDcf5ZY7w6RiqTMw2Q==}
    dev: false

  /uuid@9.0.1:
    resolution: {integrity: sha512-b+1eJOlsR9K8HJpow9Ok3fiWOWSIcIzXodvv0rQjVoOVNpWMpxf1wZNpt4y9h10odCNrqnYp1OBzRktckBe3sA==}
    hasBin: true
    dev: false

  /yallist@4.0.0:
    resolution: {integrity: sha512-3wdGidZyq5PB084XLES5TpOSRA3wjXAlIWMhum2kRcv/41Sn2emQ0dycQW4uZXLejwKvg6EsvbdlVL+FYEct7A==}
    dev: false
