lockfileVersion: '6.0'

settings:
  autoInstallPeers: true
  excludeLinksFromLockfile: false

dependencies:
  aws4fetch:
    specifier: ^1.0.17
    version: 1.0.17
  fast-xml-parser:
    specifier: ^4.3.3
    version: 4.3.3
  sst:
    specifier: 3.0.1-13
    version: link:../../sdk/js

packages:

  /aws4fetch@1.0.17:
    resolution: {integrity: sha512-4IbOvsxqxeOSxI4oA+8xEO8SzBMVlzbSTgGy/EF83rHnQ/aKtP6Sc6YV/k0oiW0mqrcxuThlbDosnvetGOuO+g==}
    dev: false

  /fast-xml-parser@4.3.3:
    resolution: {integrity: sha512-coV/D1MhrShMvU6D0I+VAK3umz6hUaxxhL0yp/9RjfiYUfAv14rDhGQL+PLForhMdr0wq3PiV07WtkkNjJjNHg==}
    hasBin: true
    dependencies:
      strnum: 1.0.5
    dev: false

  /strnum@1.0.5:
    resolution: {integrity: sha512-J8bbNyKKXl5qYcR36TIO8W3mVGVHrmmxsd5PAItGkmyzwJvybiw2IVq5nqd0i4LSNSkB/sx9VHllbfFdr9k1JA==}
    dev: false
