github.com/aws/aws-lambda-go v1.30.0 h1:qelHgOUidrQmrfFTLiC7u6wWuuwBJ9yKcjVRkIy7834=
github.com/aws/aws-lambda-go v1.30.0/go.mod h1:IF5Q7wj4VyZyUFnZ54IQqeWtctHQ9tz+KhcbDenr220=
github.com/davecgh/go-spew v1.1.1 h1:vj9j/u1bqnvCEfJOwUhtlOARqs3+rkHYY13jYWTU97c=
github.com/pmezard/go-difflib v1.0.0 h1:4DBwDE0NGyQoBHbLQYPwSUPoCMWR5BEzIk/f1lZbAQM=
github.com/stretchr/testify v1.6.1 h1:hDPOHmpOpP40lSULcqw7IrRb/u7w6RpDC9399XyoNd0=
gopkg.in/yaml.v3 v3.0.0-20200615113413-eeeca48fe776 h1:tQIYjPdBoyREyB9XMu+nnTclpTYkz2zFM+lzLJFO4gQ=
