# THIS IS AN AUTOGENERATED FILE. DO NOT EDIT THIS FILE DIRECTLY.
# yarn lockfile v1


"@types/node@^16.11.9":
  version "16.11.21"
  resolved "https://registry.yarnpkg.com/@types/node/-/node-16.11.21.tgz#474d7589a30afcf5291f59bd49cca9ad171ffde4"
  integrity sha512-Pf8M1XD9i1ksZEcCP8vuSNwooJ/bZapNmIzpmsMaL+jMI+8mEYU3PKvs+xDNuQcJWF/x24WzY4qxLtB0zNow9A==

kysely-data-api@^0.0.9:
  version "0.0.9"
  resolved "https://registry.yarnpkg.com/kysely-data-api/-/kysely-data-api-0.0.9.tgz#11782b937491ce63a02683d1fe6781b26933ff1c"
  integrity sha512-kpNV3BglE0yqkKJa4D5C7U3aOvWADZJ6UXEbFuM1xMZMzwaa878yIS0baWIt1gfsWEx5d9aNefnW5rhzC+2cKQ==

kysely@^0.16.8:
  version "0.16.8"
  resolved "https://registry.yarnpkg.com/kysely/-/kysely-0.16.8.tgz#74678a7fcc9fbe41cd37ffa1252eb1863ebcf2dd"
  integrity sha512-DPCvvNUNG9D+I5yji8pnRDqQimPVN0Qpl3iXVisliOkwLDGoMYC3YVvrxFeWyBuvmsYQl0q82wRvq/SHBiT8bQ==
  dependencies:
    "@types/node" "^16.11.9"
